// !$*UTF8*$!
{
	archiveVersion = 1;
	classes = {
	};
	objectVersion = 46;
	objects = {

/* Begin PBXBuildFile section */
		00E7C407FA57CD648BFB7AB1 /* Pods_YiMaiPatient.framework in Frameworks */ = {isa = PBXBuildFile; fileRef = F7591AC2A9B639D8F3C115FB /* Pods_YiMaiPatient.framework */; };
		7312ED801D5EB99D006F6B56 /* AppDelegate.swift in Sources */ = {isa = PBXBuildFile; fileRef = 7312ED7F1D5EB99D006F6B56 /* AppDelegate.swift */; };
		7312ED821D5EB99D006F6B56 /* ViewController.swift in Sources */ = {isa = PBXBuildFile; fileRef = 7312ED811D5EB99D006F6B56 /* ViewController.swift */; };
		7312ED851D5EB99D006F6B56 /* Main.storyboard in Resources */ = {isa = PBXBuildFile; fileRef = 7312ED831D5EB99D006F6B56 /* Main.storyboard */; };
		7312ED881D5EB99D006F6B56 /* YiMaiPatient.xcdatamodeld in Sources */ = {isa = PBXBuildFile; fileRef = 7312ED861D5EB99D006F6B56 /* YiMaiPatient.xcdatamodeld */; };
		7312ED8A1D5EB99D006F6B56 /* Assets.xcassets in Resources */ = {isa = PBXBuildFile; fileRef = 7312ED891D5EB99D006F6B56 /* Assets.xcassets */; };
		7312ED8D1D5EB99D006F6B56 /* LaunchScreen.storyboard in Resources */ = {isa = PBXBuildFile; fileRef = 7312ED8B1D5EB99D006F6B56 /* LaunchScreen.storyboard */; };
		7312ED981D5EB99D006F6B56 /* YiMaiPatientTests.swift in Sources */ = {isa = PBXBuildFile; fileRef = 7312ED971D5EB99D006F6B56 /* YiMaiPatientTests.swift */; };
		7312EDA31D5EB99D006F6B56 /* YiMaiPatientUITests.swift in Sources */ = {isa = PBXBuildFile; fileRef = 7312EDA21D5EB99D006F6B56 /* YiMaiPatientUITests.swift */; };
/* End PBXBuildFile section */

/* Begin PBXContainerItemProxy section */
		7312ED941D5EB99D006F6B56 /* PBXContainerItemProxy */ = {
			isa = PBXContainerItemProxy;
			containerPortal = 7312ED741D5EB99C006F6B56 /* Project object */;
			proxyType = 1;
			remoteGlobalIDString = 7312ED7B1D5EB99D006F6B56;
			remoteInfo = YiMaiPatient;
		};
		7312ED9F1D5EB99D006F6B56 /* PBXContainerItemProxy */ = {
			isa = PBXContainerItemProxy;
			containerPortal = 7312ED741D5EB99C006F6B56 /* Project object */;
			proxyType = 1;
			remoteGlobalIDString = 7312ED7B1D5EB99D006F6B56;
			remoteInfo = YiMaiPatient;
		};
/* End PBXContainerItemProxy section */

/* Begin PBXFileReference section */
		1C81E0AA32E7C1994A8E645F /* Pods-YiMaiPatient.debug.xcconfig */ = {isa = PBXFileReference; includeInIndex = 1; lastKnownFileType = text.xcconfig; name = "Pods-YiMaiPatient.debug.xcconfig"; path = "Pods/Target Support Files/Pods-YiMaiPatient/Pods-YiMaiPatient.debug.xcconfig"; sourceTree = "<group>"; };
		2C248139E12DFB7B423DC1FB /* Pods-YiMaiPatient.release.xcconfig */ = {isa = PBXFileReference; includeInIndex = 1; lastKnownFileType = text.xcconfig; name = "Pods-YiMaiPatient.release.xcconfig"; path = "Pods/Target Support Files/Pods-YiMaiPatient/Pods-YiMaiPatient.release.xcconfig"; sourceTree = "<group>"; };
		7312ED7C1D5EB99D006F6B56 /* YiMaiPatient.app */ = {isa = PBXFileReference; explicitFileType = wrapper.application; includeInIndex = 0; path = YiMaiPatient.app; sourceTree = BUILT_PRODUCTS_DIR; };
		7312ED7F1D5EB99D006F6B56 /* AppDelegate.swift */ = {isa = PBXFileReference; lastKnownFileType = sourcecode.swift; path = AppDelegate.swift; sourceTree = "<group>"; };
		7312ED811D5EB99D006F6B56 /* ViewController.swift */ = {isa = PBXFileReference; lastKnownFileType = sourcecode.swift; path = ViewController.swift; sourceTree = "<group>"; };
		7312ED841D5EB99D006F6B56 /* Base */ = {isa = PBXFileReference; lastKnownFileType = file.storyboard; name = Base; path = Base.lproj/Main.storyboard; sourceTree = "<group>"; };
		7312ED871D5EB99D006F6B56 /* YiMaiPatient.xcdatamodel */ = {isa = PBXFileReference; lastKnownFileType = wrapper.xcdatamodel; path = YiMaiPatient.xcdatamodel; sourceTree = "<group>"; };
		7312ED891D5EB99D006F6B56 /* Assets.xcassets */ = {isa = PBXFileReference; lastKnownFileType = folder.assetcatalog; path = Assets.xcassets; sourceTree = "<group>"; };
		7312ED8C1D5EB99D006F6B56 /* Base */ = {isa = PBXFileReference; lastKnownFileType = file.storyboard; name = Base; path = Base.lproj/LaunchScreen.storyboard; sourceTree = "<group>"; };
		7312ED8E1D5EB99D006F6B56 /* Info.plist */ = {isa = PBXFileReference; lastKnownFileType = text.plist.xml; path = Info.plist; sourceTree = "<group>"; };
		7312ED931D5EB99D006F6B56 /* YiMaiPatientTests.xctest */ = {isa = PBXFileReference; explicitFileType = wrapper.cfbundle; includeInIndex = 0; path = YiMaiPatientTests.xctest; sourceTree = BUILT_PRODUCTS_DIR; };
		7312ED971D5EB99D006F6B56 /* YiMaiPatientTests.swift */ = {isa = PBXFileReference; lastKnownFileType = sourcecode.swift; path = YiMaiPatientTests.swift; sourceTree = "<group>"; };
		7312ED991D5EB99D006F6B56 /* Info.plist */ = {isa = PBXFileReference; lastKnownFileType = text.plist.xml; path = Info.plist; sourceTree = "<group>"; };
		7312ED9E1D5EB99D006F6B56 /* YiMaiPatientUITests.xctest */ = {isa = PBXFileReference; explicitFileType = wrapper.cfbundle; includeInIndex = 0; path = YiMaiPatientUITests.xctest; sourceTree = BUILT_PRODUCTS_DIR; };
		7312EDA21D5EB99D006F6B56 /* YiMaiPatientUITests.swift */ = {isa = PBXFileReference; lastKnownFileType = sourcecode.swift; path = YiMaiPatientUITests.swift; sourceTree = "<group>"; };
		7312EDA41D5EB99D006F6B56 /* Info.plist */ = {isa = PBXFileReference; lastKnownFileType = text.plist.xml; path = Info.plist; sourceTree = "<group>"; };
		F7591AC2A9B639D8F3C115FB /* Pods_YiMaiPatient.framework */ = {isa = PBXFileReference; explicitFileType = wrapper.framework; includeInIndex = 0; path = Pods_YiMaiPatient.framework; sourceTree = BUILT_PRODUCTS_DIR; };
/* End PBXFileReference section */

/* Begin PBXFrameworksBuildPhase section */
		7312ED791D5EB99D006F6B56 /* Frameworks */ = {
			isa = PBXFrameworksBuildPhase;
			buildActionMask = 2147483647;
			files = (
				00E7C407FA57CD648BFB7AB1 /* Pods_YiMaiPatient.framework in Frameworks */,
			);
			runOnlyForDeploymentPostprocessing = 0;
		};
		7312ED901D5EB99D006F6B56 /* Frameworks */ = {
			isa = PBXFrameworksBuildPhase;
			buildActionMask = 2147483647;
			files = (
			);
			runOnlyForDeploymentPostprocessing = 0;
		};
		7312ED9B1D5EB99D006F6B56 /* Frameworks */ = {
			isa = PBXFrameworksBuildPhase;
			buildActionMask = 2147483647;
			files = (
			);
			runOnlyForDeploymentPostprocessing = 0;
		};
/* End PBXFrameworksBuildPhase section */

/* Begin PBXGroup section */
		1E56F4D2C0E12888B9E6D3F8 /* Frameworks */ = {
			isa = PBXGroup;
			children = (
				F7591AC2A9B639D8F3C115FB /* Pods_YiMaiPatient.framework */,
			);
			name = Frameworks;
			sourceTree = "<group>";
		};
		7312ED731D5EB99C006F6B56 = {
			isa = PBXGroup;
			children = (
				7312ED7E1D5EB99D006F6B56 /* YiMaiPatient */,
				7312ED961D5EB99D006F6B56 /* YiMaiPatientTests */,
				7312EDA11D5EB99D006F6B56 /* YiMaiPatientUITests */,
				7312ED7D1D5EB99D006F6B56 /* Products */,
				C68F0C02424F8D4A587F7E93 /* Pods */,
				1E56F4D2C0E12888B9E6D3F8 /* Frameworks */,
			);
			sourceTree = "<group>";
		};
		7312ED7D1D5EB99D006F6B56 /* Products */ = {
			isa = PBXGroup;
			children = (
				7312ED7C1D5EB99D006F6B56 /* YiMaiPatient.app */,
				7312ED931D5EB99D006F6B56 /* YiMaiPatientTests.xctest */,
				7312ED9E1D5EB99D006F6B56 /* YiMaiPatientUITests.xctest */,
			);
			name = Products;
			sourceTree = "<group>";
		};
		7312ED7E1D5EB99D006F6B56 /* YiMaiPatient */ = {
			isa = PBXGroup;
			children = (
				7312ED7F1D5EB99D006F6B56 /* AppDelegate.swift */,
				7312ED811D5EB99D006F6B56 /* ViewController.swift */,
				7312ED831D5EB99D006F6B56 /* Main.storyboard */,
				7312ED891D5EB99D006F6B56 /* Assets.xcassets */,
				7312ED8B1D5EB99D006F6B56 /* LaunchScreen.storyboard */,
				7312ED8E1D5EB99D006F6B56 /* Info.plist */,
				7312ED861D5EB99D006F6B56 /* YiMaiPatient.xcdatamodeld */,
			);
			path = YiMaiPatient;
			sourceTree = "<group>";
		};
		7312ED961D5EB99D006F6B56 /* YiMaiPatientTests */ = {
			isa = PBXGroup;
			children = (
				7312ED971D5EB99D006F6B56 /* YiMaiPatientTests.swift */,
				7312ED991D5EB99D006F6B56 /* Info.plist */,
			);
			path = YiMaiPatientTests;
			sourceTree = "<group>";
		};
		7312EDA11D5EB99D006F6B56 /* YiMaiPatientUITests */ = {
			isa = PBXGroup;
			children = (
				7312EDA21D5EB99D006F6B56 /* YiMaiPatientUITests.swift */,
				7312EDA41D5EB99D006F6B56 /* Info.plist */,
			);
			path = YiMaiPatientUITests;
			sourceTree = "<group>";
		};
		C68F0C02424F8D4A587F7E93 /* Pods */ = {
			isa = PBXGroup;
			children = (
				1C81E0AA32E7C1994A8E645F /* Pods-YiMaiPatient.debug.xcconfig */,
				2C248139E12DFB7B423DC1FB /* Pods-YiMaiPatient.release.xcconfig */,
			);
			name = Pods;
			sourceTree = "<group>";
		};
/* End PBXGroup section */

/* Begin PBXNativeTarget section */
		7312ED7B1D5EB99D006F6B56 /* YiMaiPatient */ = {
			isa = PBXNativeTarget;
			buildConfigurationList = 7312EDA71D5EB99D006F6B56 /* Build configuration list for PBXNativeTarget "YiMaiPatient" */;
			buildPhases = (
				8BF0E751DCBCFC06E02020CC /* 📦 Check Pods Manifest.lock */,
				7312ED781D5EB99D006F6B56 /* Sources */,
				7312ED791D5EB99D006F6B56 /* Frameworks */,
				7312ED7A1D5EB99D006F6B56 /* Resources */,
				5BC83E4C6EE086DD73CC032E /* 📦 Embed Pods Frameworks */,
				1976EFD96378C579CBEDE2D5 /* 📦 Copy Pods Resources */,
			);
			buildRules = (
			);
			dependencies = (
			);
			name = YiMaiPatient;
			productName = YiMaiPatient;
			productReference = 7312ED7C1D5EB99D006F6B56 /* YiMaiPatient.app */;
			productType = "com.apple.product-type.application";
		};
		7312ED921D5EB99D006F6B56 /* YiMaiPatientTests */ = {
			isa = PBXNativeTarget;
			buildConfigurationList = 7312EDAA1D5EB99D006F6B56 /* Build configuration list for PBXNativeTarget "YiMaiPatientTests" */;
			buildPhases = (
				7312ED8F1D5EB99D006F6B56 /* Sources */,
				7312ED901D5EB99D006F6B56 /* Frameworks */,
				7312ED911D5EB99D006F6B56 /* Resources */,
			);
			buildRules = (
			);
			dependencies = (
				7312ED951D5EB99D006F6B56 /* PBXTargetDependency */,
			);
			name = YiMaiPatientTests;
			productName = YiMaiPatientTests;
			productReference = 7312ED931D5EB99D006F6B56 /* YiMaiPatientTests.xctest */;
			productType = "com.apple.product-type.bundle.unit-test";
		};
		7312ED9D1D5EB99D006F6B56 /* YiMaiPatientUITests */ = {
			isa = PBXNativeTarget;
			buildConfigurationList = 7312EDAD1D5EB99D006F6B56 /* Build configuration list for PBXNativeTarget "YiMaiPatientUITests" */;
			buildPhases = (
				7312ED9A1D5EB99D006F6B56 /* Sources */,
				7312ED9B1D5EB99D006F6B56 /* Frameworks */,
				7312ED9C1D5EB99D006F6B56 /* Resources */,
			);
			buildRules = (
			);
			dependencies = (
				7312EDA01D5EB99D006F6B56 /* PBXTargetDependency */,
			);
			name = YiMaiPatientUITests;
			productName = YiMaiPatientUITests;
			productReference = 7312ED9E1D5EB99D006F6B56 /* YiMaiPatientUITests.xctest */;
			productType = "com.apple.product-type.bundle.ui-testing";
		};
/* End PBXNativeTarget section */

/* Begin PBXProject section */
		7312ED741D5EB99C006F6B56 /* Project object */ = {
			isa = PBXProject;
			attributes = {
				LastSwiftUpdateCheck = 0730;
				LastUpgradeCheck = 0730;
				ORGANIZATIONNAME = yimai;
				TargetAttributes = {
					7312ED7B1D5EB99D006F6B56 = {
						CreatedOnToolsVersion = 7.3.1;
					};
					7312ED921D5EB99D006F6B56 = {
						CreatedOnToolsVersion = 7.3.1;
						TestTargetID = 7312ED7B1D5EB99D006F6B56;
					};
					7312ED9D1D5EB99D006F6B56 = {
						CreatedOnToolsVersion = 7.3.1;
						TestTargetID = 7312ED7B1D5EB99D006F6B56;
					};
				};
			};
			buildConfigurationList = 7312ED771D5EB99C006F6B56 /* Build configuration list for PBXProject "YiMaiPatient" */;
			compatibilityVersion = "Xcode 3.2";
			developmentRegion = English;
			hasScannedForEncodings = 0;
			knownRegions = (
				en,
				Base,
			);
			mainGroup = 7312ED731D5EB99C006F6B56;
			productRefGroup = 7312ED7D1D5EB99D006F6B56 /* Products */;
			projectDirPath = "";
			projectRoot = "";
			targets = (
				7312ED7B1D5EB99D006F6B56 /* YiMaiPatient */,
				7312ED921D5EB99D006F6B56 /* YiMaiPatientTests */,
				7312ED9D1D5EB99D006F6B56 /* YiMaiPatientUITests */,
			);
		};
/* End PBXProject section */

/* Begin PBXResourcesBuildPhase section */
		7312ED7A1D5EB99D006F6B56 /* Resources */ = {
			isa = PBXResourcesBuildPhase;
			buildActionMask = 2147483647;
			files = (
				7312ED8D1D5EB99D006F6B56 /* LaunchScreen.storyboard in Resources */,
				7312ED8A1D5EB99D006F6B56 /* Assets.xcassets in Resources */,
				7312ED851D5EB99D006F6B56 /* Main.storyboard in Resources */,
			);
			runOnlyForDeploymentPostprocessing = 0;
		};
		7312ED911D5EB99D006F6B56 /* Resources */ = {
			isa = PBXResourcesBuildPhase;
			buildActionMask = 2147483647;
			files = (
			);
			runOnlyForDeploymentPostprocessing = 0;
		};
		7312ED9C1D5EB99D006F6B56 /* Resources */ = {
			isa = PBXResourcesBuildPhase;
			buildActionMask = 2147483647;
			files = (
			);
			runOnlyForDeploymentPostprocessing = 0;
		};
/* End PBXResourcesBuildPhase section */

/* Begin PBXShellScriptBuildPhase section */
		1976EFD96378C579CBEDE2D5 /* 📦 Copy Pods Resources */ = {
			isa = PBXShellScriptBuildPhase;
			buildActionMask = 2147483647;
			files = (
			);
			inputPaths = (
			);
			name = "📦 Copy Pods Resources";
			outputPaths = (
			);
			runOnlyForDeploymentPostprocessing = 0;
			shellPath = /bin/sh;
			shellScript = "\"${SRCROOT}/Pods/Target Support Files/Pods-YiMaiPatient/Pods-YiMaiPatient-resources.sh\"\n";
			showEnvVarsInLog = 0;
		};
		5BC83E4C6EE086DD73CC032E /* 📦 Embed Pods Frameworks */ = {
			isa = PBXShellScriptBuildPhase;
			buildActionMask = 2147483647;
			files = (
			);
			inputPaths = (
			);
			name = "📦 Embed Pods Frameworks";
			outputPaths = (
			);
			runOnlyForDeploymentPostprocessing = 0;
			shellPath = /bin/sh;
			shellScript = "\"${SRCROOT}/Pods/Target Support Files/Pods-YiMaiPatient/Pods-YiMaiPatient-frameworks.sh\"\n";
			showEnvVarsInLog = 0;
		};
		8BF0E751DCBCFC06E02020CC /* 📦 Check Pods Manifest.lock */ = {
			isa = PBXShellScriptBuildPhase;
			buildActionMask = 2147483647;
			files = (
			);
			inputPaths = (
			);
			name = "📦 Check Pods Manifest.lock";
			outputPaths = (
			);
			runOnlyForDeploymentPostprocessing = 0;
			shellPath = /bin/sh;
			shellScript = "diff \"${PODS_ROOT}/../Podfile.lock\" \"${PODS_ROOT}/Manifest.lock\" > /dev/null\nif [[ $? != 0 ]] ; then\n    cat << EOM\nerror: The sandbox is not in sync with the Podfile.lock. Run 'pod install' or update your CocoaPods installation.\nEOM\n    exit 1\nfi\n";
			showEnvVarsInLog = 0;
		};
/* End PBXShellScriptBuildPhase section */

/* Begin PBXSourcesBuildPhase section */
		7312ED781D5EB99D006F6B56 /* Sources */ = {
			isa = PBXSourcesBuildPhase;
			buildActionMask = 2147483647;
			files = (
				7312ED821D5EB99D006F6B56 /* ViewController.swift in Sources */,
				7312ED801D5EB99D006F6B56 /* AppDelegate.swift in Sources */,
				7312ED881D5EB99D006F6B56 /* YiMaiPatient.xcdatamodeld in Sources */,
			);
			runOnlyForDeploymentPostprocessing = 0;
		};
		7312ED8F1D5EB99D006F6B56 /* Sources */ = {
			isa = PBXSourcesBuildPhase;
			buildActionMask = 2147483647;
			files = (
				7312ED981D5EB99D006F6B56 /* YiMaiPatientTests.swift in Sources */,
			);
			runOnlyForDeploymentPostprocessing = 0;
		};
		7312ED9A1D5EB99D006F6B56 /* Sources */ = {
			isa = PBXSourcesBuildPhase;
			buildActionMask = 2147483647;
			files = (
				7312EDA31D5EB99D006F6B56 /* YiMaiPatientUITests.swift in Sources */,
			);
			runOnlyForDeploymentPostprocessing = 0;
		};
/* End PBXSourcesBuildPhase section */

/* Begin PBXTargetDependency section */
		7312ED951D5EB99D006F6B56 /* PBXTargetDependency */ = {
			isa = PBXTargetDependency;
			target = 7312ED7B1D5EB99D006F6B56 /* YiMaiPatient */;
			targetProxy = 7312ED941D5EB99D006F6B56 /* PBXContainerItemProxy */;
		};
		7312EDA01D5EB99D006F6B56 /* PBXTargetDependency */ = {
			isa = PBXTargetDependency;
			target = 7312ED7B1D5EB99D006F6B56 /* YiMaiPatient */;
			targetProxy = 7312ED9F1D5EB99D006F6B56 /* PBXContainerItemProxy */;
		};
/* End PBXTargetDependency section */

/* Begin PBXVariantGroup section */
		7312ED831D5EB99D006F6B56 /* Main.storyboard */ = {
			isa = PBXVariantGroup;
			children = (
				7312ED841D5EB99D006F6B56 /* Base */,
			);
			name = Main.storyboard;
			sourceTree = "<group>";
		};
		7312ED8B1D5EB99D006F6B56 /* LaunchScreen.storyboard */ = {
			isa = PBXVariantGroup;
			children = (
				7312ED8C1D5EB99D006F6B56 /* Base */,
			);
			name = LaunchScreen.storyboard;
			sourceTree = "<group>";
		};
/* End PBXVariantGroup section */

/* Begin XCBuildConfiguration section */
		7312EDA51D5EB99D006F6B56 /* Debug */ = {
			isa = XCBuildConfiguration;
			buildSettings = {
				ALWAYS_SEARCH_USER_PATHS = NO;
				CLANG_ANALYZER_NONNULL = YES;
				CLANG_CXX_LANGUAGE_STANDARD = "gnu++0x";
				CLANG_CXX_LIBRARY = "libc++";
				CLANG_ENABLE_MODULES = YES;
				CLANG_ENABLE_OBJC_ARC = YES;
				CLANG_WARN_BOOL_CONVERSION = YES;
				CLANG_WARN_CONSTANT_CONVERSION = YES;
				CLANG_WARN_DIRECT_OBJC_ISA_USAGE = YES_ERROR;
				CLANG_WARN_EMPTY_BODY = YES;
				CLANG_WARN_ENUM_CONVERSION = YES;
				CLANG_WARN_INT_CONVERSION = YES;
				CLANG_WARN_OBJC_ROOT_CLASS = YES_ERROR;
				CLANG_WARN_UNREACHABLE_CODE = YES;
				CLANG_WARN__DUPLICATE_METHOD_MATCH = YES;
				"CODE_SIGN_IDENTITY[sdk=iphoneos*]" = "iPhone Developer";
				COPY_PHASE_STRIP = NO;
				DEBUG_INFORMATION_FORMAT = dwarf;
				ENABLE_STRICT_OBJC_MSGSEND = YES;
				ENABLE_TESTABILITY = YES;
				GCC_C_LANGUAGE_STANDARD = gnu99;
				GCC_DYNAMIC_NO_PIC = NO;
				GCC_NO_COMMON_BLOCKS = YES;
				GCC_OPTIMIZATION_LEVEL = 0;
				GCC_PREPROCESSOR_DEFINITIONS = (
					"DEBUG=1",
					"$(inherited)",
				);
				GCC_WARN_64_TO_32_BIT_CONVERSION = YES;
				GCC_WARN_ABOUT_RETURN_TYPE = YES_ERROR;
				GCC_WARN_UNDECLARED_SELECTOR = YES;
				GCC_WARN_UNINITIALIZED_AUTOS = YES_AGGRESSIVE;
				GCC_WARN_UNUSED_FUNCTION = YES;
				GCC_WARN_UNUSED_VARIABLE = YES;
				IPHONEOS_DEPLOYMENT_TARGET = 9.3;
				MTL_ENABLE_DEBUG_INFO = YES;
				ONLY_ACTIVE_ARCH = YES;
				SDKROOT = iphoneos;
				SWIFT_OPTIMIZATION_LEVEL = "-Onone";
				TARGETED_DEVICE_FAMILY = "1,2";
			};
			name = Debug;
		};
		7312EDA61D5EB99D006F6B56 /* Release */ = {
			isa = XCBuildConfiguration;
			buildSettings = {
				ALWAYS_SEARCH_USER_PATHS = NO;
				CLANG_ANALYZER_NONNULL = YES;
				CLANG_CXX_LANGUAGE_STANDARD = "gnu++0x";
				CLANG_CXX_LIBRARY = "libc++";
				CLANG_ENABLE_MODULES = YES;
				CLANG_ENABLE_OBJC_ARC = YES;
				CLANG_WARN_BOOL_CONVERSION = YES;
				CLANG_WARN_CONSTANT_CONVERSION = YES;
				CLANG_WARN_DIRECT_OBJC_ISA_USAGE = YES_ERROR;
				CLANG_WARN_EMPTY_BODY = YES;
				CLANG_WARN_ENUM_CONVERSION = YES;
				CLANG_WARN_INT_CONVERSION = YES;
				CLANG_WARN_OBJC_ROOT_CLASS = YES_ERROR;
				CLANG_WARN_UNREACHABLE_CODE = YES;
				CLANG_WARN__DUPLICATE_METHOD_MATCH = YES;
				"CODE_SIGN_IDENTITY[sdk=iphoneos*]" = "iPhone Developer";
				COPY_PHASE_STRIP = NO;
				DEBUG_INFORMATION_FORMAT = "dwarf-with-dsym";
				ENABLE_NS_ASSERTIONS = NO;
				ENABLE_STRICT_OBJC_MSGSEND = YES;
				GCC_C_LANGUAGE_STANDARD = gnu99;
				GCC_NO_COMMON_BLOCKS = YES;
				GCC_WARN_64_TO_32_BIT_CONVERSION = YES;
				GCC_WARN_ABOUT_RETURN_TYPE = YES_ERROR;
				GCC_WARN_UNDECLARED_SELECTOR = YES;
				GCC_WARN_UNINITIALIZED_AUTOS = YES_AGGRESSIVE;
				GCC_WARN_UNUSED_FUNCTION = YES;
				GCC_WARN_UNUSED_VARIABLE = YES;
				IPHONEOS_DEPLOYMENT_TARGET = 9.3;
				MTL_ENABLE_DEBUG_INFO = NO;
				SDKROOT = iphoneos;
				TARGETED_DEVICE_FAMILY = "1,2";
				VALIDATE_PRODUCT = YES;
			};
			name = Release;
		};
		7312EDA81D5EB99D006F6B56 /* Debug */ = {
			isa = XCBuildConfiguration;
			baseConfigurationReference = 1C81E0AA32E7C1994A8E645F /* Pods-YiMaiPatient.debug.xcconfig */;
			buildSettings = {
				ASSETCATALOG_COMPILER_APPICON_NAME = AppIcon;
				INFOPLIST_FILE = YiMaiPatient/Info.plist;
				LD_RUNPATH_SEARCH_PATHS = "$(inherited) @executable_path/Frameworks";
				PRODUCT_BUNDLE_IDENTIFIER = com.yimai.patient.YiMaiPatient;
				PRODUCT_NAME = "$(TARGET_NAME)";
			};
			name = Debug;
		};
		7312EDA91D5EB99D006F6B56 /* Release */ = {
			isa = XCBuildConfiguration;
			baseConfigurationReference = 2C248139E12DFB7B423DC1FB /* Pods-YiMaiPatient.release.xcconfig */;
			buildSettings = {
				ASSETCATALOG_COMPILER_APPICON_NAME = AppIcon;
				INFOPLIST_FILE = YiMaiPatient/Info.plist;
				LD_RUNPATH_SEARCH_PATHS = "$(inherited) @executable_path/Frameworks";
				PRODUCT_BUNDLE_IDENTIFIER = com.yimai.patient.YiMaiPatient;
				PRODUCT_NAME = "$(TARGET_NAME)";
			};
			name = Release;
		};
		7312EDAB1D5EB99D006F6B56 /* Debug */ = {
			isa = XCBuildConfiguration;
			buildSettings = {
				BUNDLE_LOADER = "$(TEST_HOST)";
				INFOPLIST_FILE = YiMaiPatientTests/Info.plist;
				LD_RUNPATH_SEARCH_PATHS = "$(inherited) @executable_path/Frameworks @loader_path/Frameworks";
				PRODUCT_BUNDLE_IDENTIFIER = com.yimai.patient.YiMaiPatientTests;
				PRODUCT_NAME = "$(TARGET_NAME)";
				TEST_HOST = "$(BUILT_PRODUCTS_DIR)/YiMaiPatient.app/YiMaiPatient";
			};
			name = Debug;
		};
		7312EDAC1D5EB99D006F6B56 /* Release */ = {
			isa = XCBuildConfiguration;
			buildSettings = {
				BUNDLE_LOADER = "$(TEST_HOST)";
				INFOPLIST_FILE = YiMaiPatientTests/Info.plist;
				LD_RUNPATH_SEARCH_PATHS = "$(inherited) @executable_path/Frameworks @loader_path/Frameworks";
				PRODUCT_BUNDLE_IDENTIFIER = com.yimai.patient.YiMaiPatientTests;
				PRODUCT_NAME = "$(TARGET_NAME)";
				TEST_HOST = "$(BUILT_PRODUCTS_DIR)/YiMaiPatient.app/YiMaiPatient";
			};
			name = Release;
		};
		7312EDAE1D5EB99D006F6B56 /* Debug */ = {
			isa = XCBuildConfiguration;
			buildSettings = {
				INFOPLIST_FILE = YiMaiPatientUITests/Info.plist;
				LD_RUNPATH_SEARCH_PATHS = "$(inherited) @executable_path/Frameworks @loader_path/Frameworks";
				PRODUCT_BUNDLE_IDENTIFIER = com.yimai.patient.YiMaiPatientUITests;
				PRODUCT_NAME = "$(TARGET_NAME)";
				TEST_TARGET_NAME = YiMaiPatient;
			};
			name = Debug;
		};
		7312EDAF1D5EB99D006F6B56 /* Release */ = {
			isa = XCBuildConfiguration;
			buildSettings = {
				INFOPLIST_FILE = YiMaiPatientUITests/Info.plist;
				LD_RUNPATH_SEARCH_PATHS = "$(inherited) @executable_path/Frameworks @loader_path/Frameworks";
				PRODUCT_BUNDLE_IDENTIFIER = com.yimai.patient.YiMaiPatientUITests;
				PRODUCT_NAME = "$(TARGET_NAME)";
				TEST_TARGET_NAME = YiMaiPatient;
			};
			name = Release;
		};
/* End XCBuildConfiguration section */

/* Begin XCConfigurationList section */
		7312ED771D5EB99C006F6B56 /* Build configuration list for PBXProject "YiMaiPatient" */ = {
			isa = XCConfigurationList;
			buildConfigurations = (
				7312EDA51D5EB99D006F6B56 /* Debug */,
				7312EDA61D5EB99D006F6B56 /* Release */,
			);
			defaultConfigurationIsVisible = 0;
			defaultConfigurationName = Release;
		};
		7312EDA71D5EB99D006F6B56 /* Build configuration list for PBXNativeTarget "YiMaiPatient" */ = {
			isa = XCConfigurationList;
			buildConfigurations = (
				7312EDA81D5EB99D006F6B56 /* Debug */,
				7312EDA91D5EB99D006F6B56 /* Release */,
			);
			defaultConfigurationIsVisible = 0;
			defaultConfigurationName = Release;
		};
		7312EDAA1D5EB99D006F6B56 /* Build configuration list for PBXNativeTarget "YiMaiPatientTests" */ = {
			isa = XCConfigurationList;
			buildConfigurations = (
				7312EDAB1D5EB99D006F6B56 /* Debug */,
				7312EDAC1D5EB99D006F6B56 /* Release */,
			);
			defaultConfigurationIsVisible = 0;
			defaultConfigurationName = Release;
		};
		7312EDAD1D5EB99D006F6B56 /* Build configuration list for PBXNativeTarget "YiMaiPatientUITests" */ = {
			isa = XCConfigurationList;
			buildConfigurations = (
				7312EDAE1D5EB99D006F6B56 /* Debug */,
				7312EDAF1D5EB99D006F6B56 /* Release */,
			);
			defaultConfigurationIsVisible = 0;
			defaultConfigurationName = Release;
		};
/* End XCConfigurationList section */

/* Begin XCVersionGroup section */
		7312ED861D5EB99D006F6B56 /* YiMaiPatient.xcdatamodeld */ = {
			isa = XCVersionGroup;
			children = (
				7312ED871D5EB99D006F6B56 /* YiMaiPatient.xcdatamodel */,
			);
			currentVersion = 7312ED871D5EB99D006F6B56 /* YiMaiPatient.xcdatamodel */;
			path = YiMaiPatient.xcdatamodeld;
			sourceTree = "<group>";
			versionGroupType = wrapper.xcdatamodel;
		};
/* End XCVersionGroup section */
	};
	rootObject = 7312ED741D5EB99C006F6B56 /* Project object */;
}
