// !$*UTF8*$!
{
	archiveVersion = 1;
	classes = {
	};
	objectVersion = 46;
	objects = {

/* Begin PBXBuildFile section */
		00E7C407FA57CD648BFB7AB1 /* Pods_YiMaiPatient.framework in Frameworks */ = {isa = PBXBuildFile; fileRef = F7591AC2A9B639D8F3C115FB /* Pods_YiMaiPatient.framework */; };
		7307BFD31D5EEF7B000F31E5 /* PageRegister.storyboard in Resources */ = {isa = PBXBuildFile; fileRef = 7307BFD51D5EEF7B000F31E5 /* PageRegister.storyboard */; };
		7307BFD71D5EEF94000F31E5 /* PageRegisterViewController.swift in Sources */ = {isa = PBXBuildFile; fileRef = 7307BFD61D5EEF94000F31E5 /* PageRegisterViewController.swift */; };
		7307BFD91D5EEFBA000F31E5 /* PageRegisterBodyView.swift in Sources */ = {isa = PBXBuildFile; fileRef = 7307BFD81D5EEFBA000F31E5 /* PageRegisterBodyView.swift */; };
		7307BFDB1D5EF42B000F31E5 /* YMRegisterStrings.swift in Sources */ = {isa = PBXBuildFile; fileRef = 7307BFDA1D5EF42B000F31E5 /* YMRegisterStrings.swift */; };
		7307BFDD1D5EF442000F31E5 /* PageRegisterActions.swift in Sources */ = {isa = PBXBuildFile; fileRef = 7307BFDC1D5EF442000F31E5 /* PageRegisterActions.swift */; };
		7307BFDF1D5EF540000F31E5 /* YMModuleStrings.swift in Sources */ = {isa = PBXBuildFile; fileRef = 7307BFDE1D5EF540000F31E5 /* YMModuleStrings.swift */; };
		7307BFE21D5F02F2000F31E5 /* PageRegisterInputInfo.storyboard in Resources */ = {isa = PBXBuildFile; fileRef = 7307BFE41D5F02F2000F31E5 /* PageRegisterInputInfo.storyboard */; };
		7307BFE61D5F0301000F31E5 /* PageRegisterInputInfoViewController.swift in Sources */ = {isa = PBXBuildFile; fileRef = 7307BFE51D5F0301000F31E5 /* PageRegisterInputInfoViewController.swift */; };
		7307BFE81D5F032A000F31E5 /* PageRegisterInputInfoBodyView.swift in Sources */ = {isa = PBXBuildFile; fileRef = 7307BFE71D5F032A000F31E5 /* PageRegisterInputInfoBodyView.swift */; };
		7307BFEA1D5F0EE6000F31E5 /* PageRegisterInputInfoActions.swift in Sources */ = {isa = PBXBuildFile; fileRef = 7307BFE91D5F0EE6000F31E5 /* PageRegisterInputInfoActions.swift */; };
		730DDF711D5EC4D600E4ABB6 /* YMAPIUtility.swift in Sources */ = {isa = PBXBuildFile; fileRef = 730DDF591D5EC4D600E4ABB6 /* YMAPIUtility.swift */; };
		730DDF721D5EC4D600E4ABB6 /* YMCoreDataEngine.swift in Sources */ = {isa = PBXBuildFile; fileRef = 730DDF5A1D5EC4D600E4ABB6 /* YMCoreDataEngine.swift */; };
		730DDF731D5EC4D600E4ABB6 /* YMLoaclData.swift in Sources */ = {isa = PBXBuildFile; fileRef = 730DDF5B1D5EC4D600E4ABB6 /* YMLoaclData.swift */; };
		730DDF741D5EC4D600E4ABB6 /* YMModelView.swift in Sources */ = {isa = PBXBuildFile; fileRef = 730DDF5C1D5EC4D600E4ABB6 /* YMModelView.swift */; };
		730DDF751D5EC4D600E4ABB6 /* YMNetworkUtility.swift in Sources */ = {isa = PBXBuildFile; fileRef = 730DDF5D1D5EC4D600E4ABB6 /* YMNetworkUtility.swift */; };
		730DDF761D5EC4D600E4ABB6 /* YMValueValidator.swift in Sources */ = {isa = PBXBuildFile; fileRef = 730DDF5E1D5EC4D600E4ABB6 /* YMValueValidator.swift */; };
		730DDF771D5EC4D600E4ABB6 /* YMVar.swift in Sources */ = {isa = PBXBuildFile; fileRef = 730DDF5F1D5EC4D600E4ABB6 /* YMVar.swift */; };
		730DDF781D5EC4D600E4ABB6 /* YMBasicTypeExtensionForLayout.swift in Sources */ = {isa = PBXBuildFile; fileRef = 730DDF611D5EC4D600E4ABB6 /* YMBasicTypeExtensionForLayout.swift */; };
		730DDF791D5EC4D600E4ABB6 /* YMColors.swift in Sources */ = {isa = PBXBuildFile; fileRef = 730DDF621D5EC4D600E4ABB6 /* YMColors.swift */; };
		730DDF7A1D5EC4D600E4ABB6 /* YMFonts.swift in Sources */ = {isa = PBXBuildFile; fileRef = 730DDF631D5EC4D600E4ABB6 /* YMFonts.swift */; };
		730DDF7B1D5EC4D600E4ABB6 /* YMLayout.swift in Sources */ = {isa = PBXBuildFile; fileRef = 730DDF641D5EC4D600E4ABB6 /* YMLayout.swift */; };
		730DDF7C1D5EC4D600E4ABB6 /* YMSizes.swift in Sources */ = {isa = PBXBuildFile; fileRef = 730DDF651D5EC4D600E4ABB6 /* YMSizes.swift */; };
		730DDF7D1D5EC4D600E4ABB6 /* YMButton.swift in Sources */ = {isa = PBXBuildFile; fileRef = 730DDF681D5EC4D600E4ABB6 /* YMButton.swift */; };
		730DDF7F1D5EC4D600E4ABB6 /* YMClassesAndProtocols.swift in Sources */ = {isa = PBXBuildFile; fileRef = 730DDF6A1D5EC4D600E4ABB6 /* YMClassesAndProtocols.swift */; };
		730DDF801D5EC4D600E4ABB6 /* YMDatetime.swift in Sources */ = {isa = PBXBuildFile; fileRef = 730DDF6B1D5EC4D600E4ABB6 /* YMDatetime.swift */; };
		730DDF811D5EC4D600E4ABB6 /* YMSelectors.swift in Sources */ = {isa = PBXBuildFile; fileRef = 730DDF6C1D5EC4D600E4ABB6 /* YMSelectors.swift */; };
		730DDF821D5EC4D600E4ABB6 /* YMTableView.swift in Sources */ = {isa = PBXBuildFile; fileRef = 730DDF6D1D5EC4D600E4ABB6 /* YMTableView.swift */; };
		730DDF831D5EC4D600E4ABB6 /* YMTextArea.swift in Sources */ = {isa = PBXBuildFile; fileRef = 730DDF6E1D5EC4D600E4ABB6 /* YMTextArea.swift */; };
		730DDF841D5EC4D600E4ABB6 /* YMTextInput.swift in Sources */ = {isa = PBXBuildFile; fileRef = 730DDF6F1D5EC4D600E4ABB6 /* YMTextInput.swift */; };
		730DDF851D5EC4D600E4ABB6 /* YMTouchableView.swift in Sources */ = {isa = PBXBuildFile; fileRef = 730DDF701D5EC4D600E4ABB6 /* YMTouchableView.swift */; };
		730DDF891D5EC5A800E4ABB6 /* YMCommonStrings.swift in Sources */ = {isa = PBXBuildFile; fileRef = 730DDF861D5EC5A800E4ABB6 /* YMCommonStrings.swift */; };
		730DDF8A1D5EC5A800E4ABB6 /* YMCoreDataKeyStrings.swift in Sources */ = {isa = PBXBuildFile; fileRef = 730DDF871D5EC5A800E4ABB6 /* YMCoreDataKeyStrings.swift */; };
		730DDF8B1D5EC5A800E4ABB6 /* YMLoaclDataStrings.swift in Sources */ = {isa = PBXBuildFile; fileRef = 730DDF881D5EC5A800E4ABB6 /* YMLoaclDataStrings.swift */; };
		730DDF971D5EC64600E4ABB6 /* YMCommonActions.swift in Sources */ = {isa = PBXBuildFile; fileRef = 730DDF8F1D5EC64600E4ABB6 /* YMCommonActions.swift */; };
		730DDF981D5EC64600E4ABB6 /* PageCommonBottomView.swift in Sources */ = {isa = PBXBuildFile; fileRef = 730DDF911D5EC64600E4ABB6 /* PageCommonBottomView.swift */; };
		730DDF991D5EC64600E4ABB6 /* PageSearchResultCell.swift in Sources */ = {isa = PBXBuildFile; fileRef = 730DDF931D5EC64600E4ABB6 /* PageSearchResultCell.swift */; };
		730DDF9A1D5EC64600E4ABB6 /* PageCommonTopView.swift in Sources */ = {isa = PBXBuildFile; fileRef = 730DDF951D5EC64600E4ABB6 /* PageCommonTopView.swift */; };
		730DDF9B1D5EC64600E4ABB6 /* YMCurrentPage.swift in Sources */ = {isa = PBXBuildFile; fileRef = 730DDF961D5EC64600E4ABB6 /* YMCurrentPage.swift */; };
		7312ED801D5EB99D006F6B56 /* AppDelegate.swift in Sources */ = {isa = PBXBuildFile; fileRef = 7312ED7F1D5EB99D006F6B56 /* AppDelegate.swift */; };
		7312ED821D5EB99D006F6B56 /* ViewController.swift in Sources */ = {isa = PBXBuildFile; fileRef = 7312ED811D5EB99D006F6B56 /* ViewController.swift */; };
		7312ED851D5EB99D006F6B56 /* Main.storyboard in Resources */ = {isa = PBXBuildFile; fileRef = 7312ED831D5EB99D006F6B56 /* Main.storyboard */; };
		7312ED881D5EB99D006F6B56 /* YiMaiPatient.xcdatamodeld in Sources */ = {isa = PBXBuildFile; fileRef = 7312ED861D5EB99D006F6B56 /* YiMaiPatient.xcdatamodeld */; };
		7312ED8A1D5EB99D006F6B56 /* Assets.xcassets in Resources */ = {isa = PBXBuildFile; fileRef = 7312ED891D5EB99D006F6B56 /* Assets.xcassets */; };
		7312ED8D1D5EB99D006F6B56 /* LaunchScreen.storyboard in Resources */ = {isa = PBXBuildFile; fileRef = 7312ED8B1D5EB99D006F6B56 /* LaunchScreen.storyboard */; };
		7312ED981D5EB99D006F6B56 /* YiMaiPatientTests.swift in Sources */ = {isa = PBXBuildFile; fileRef = 7312ED971D5EB99D006F6B56 /* YiMaiPatientTests.swift */; };
		7312EDA31D5EB99D006F6B56 /* YiMaiPatientUITests.swift in Sources */ = {isa = PBXBuildFile; fileRef = 7312EDA21D5EB99D006F6B56 /* YiMaiPatientUITests.swift */; };
		738F49411D5EC6DD00E577F4 /* YMAPIStrings.swift in Sources */ = {isa = PBXBuildFile; fileRef = 738F49401D5EC6DD00E577F4 /* YMAPIStrings.swift */; };
		738F49501D5ECC8200E577F4 /* PageLogin.storyboard in Resources */ = {isa = PBXBuildFile; fileRef = 738F49521D5ECC8200E577F4 /* PageLogin.storyboard */; };
		738F49541D5ECCA300E577F4 /* PageLoginViewController.swift in Sources */ = {isa = PBXBuildFile; fileRef = 738F49531D5ECCA300E577F4 /* PageLoginViewController.swift */; };
		738F49561D5ECCF300E577F4 /* PageLoginBodyView.swift in Sources */ = {isa = PBXBuildFile; fileRef = 738F49551D5ECCF300E577F4 /* PageLoginBodyView.swift */; };
		738F49581D5ECD2D00E577F4 /* PageLoginActions.swift in Sources */ = {isa = PBXBuildFile; fileRef = 738F49571D5ECD2D00E577F4 /* PageLoginActions.swift */; };
		738F495A1D5ECEBB00E577F4 /* YMLoginStrings.swift in Sources */ = {isa = PBXBuildFile; fileRef = 738F49591D5ECEBB00E577F4 /* YMLoginStrings.swift */; };
		738F495F1D5ED04300E577F4 /* PageAppLoading.storyboard in Resources */ = {isa = PBXBuildFile; fileRef = 738F49611D5ED04300E577F4 /* PageAppLoading.storyboard */; };
		738F49631D5ED0CA00E577F4 /* PageAppLoadingViewController.swift in Sources */ = {isa = PBXBuildFile; fileRef = 738F49621D5ED0CA00E577F4 /* PageAppLoadingViewController.swift */; };
		738F49661D5ED11900E577F4 /* PageAppLoadingActions.swift in Sources */ = {isa = PBXBuildFile; fileRef = 738F49651D5ED11900E577F4 /* PageAppLoadingActions.swift */; };
		73A678811D60AF950005E90C /* PageSelectCity.storyboard in Resources */ = {isa = PBXBuildFile; fileRef = 73A678831D60AF950005E90C /* PageSelectCity.storyboard */; };
		73A678851D60AFAE0005E90C /* PageSelectCityViewController.swift in Sources */ = {isa = PBXBuildFile; fileRef = 73A678841D60AFAE0005E90C /* PageSelectCityViewController.swift */; };
		73A678871D60B0710005E90C /* PageSelectCityBodyView.swift in Sources */ = {isa = PBXBuildFile; fileRef = 73A678861D60B0710005E90C /* PageSelectCityBodyView.swift */; };
		73A678891D60B2FB0005E90C /* cityDictionary.plist in Resources */ = {isa = PBXBuildFile; fileRef = 73A678881D60B2FB0005E90C /* cityDictionary.plist */; };
		73A678901D60C3720005E90C /* PageIndex.storyboard in Resources */ = {isa = PBXBuildFile; fileRef = 73A678921D60C3720005E90C /* PageIndex.storyboard */; };
		73A678941D60C37F0005E90C /* PageIndexViewController.swift in Sources */ = {isa = PBXBuildFile; fileRef = 73A678931D60C37F0005E90C /* PageIndexViewController.swift */; };
		73A678961D60C3B70005E90C /* PageIndexBodyView.swift in Sources */ = {isa = PBXBuildFile; fileRef = 73A678951D60C3B70005E90C /* PageIndexBodyView.swift */; };
		FD4735CD1D81B22000BBEF16 /* SwiftQRCode.swift in Sources */ = {isa = PBXBuildFile; fileRef = FD4735CC1D81B22000BBEF16 /* SwiftQRCode.swift */; };
		FDB5B0B91D82620C00FD07C4 /* PageGetMyDoctors.storyboard in Resources */ = {isa = PBXBuildFile; fileRef = FDB5B0BB1D82620C00FD07C4 /* PageGetMyDoctors.storyboard */; };
		FDB5B0BF1D82625600FD07C4 /* PageGetMyDoctorsViewController.swift in Sources */ = {isa = PBXBuildFile; fileRef = FDB5B0BE1D82625600FD07C4 /* PageGetMyDoctorsViewController.swift */; };
		FDB5B0C11D82629500FD07C4 /* PageGetMyDoctorsBodyView.swift in Sources */ = {isa = PBXBuildFile; fileRef = FDB5B0C01D82629500FD07C4 /* PageGetMyDoctorsBodyView.swift */; };
		FDB5B0C31D8262A000FD07C4 /* PageGetMyDoctorsActions.swift in Sources */ = {isa = PBXBuildFile; fileRef = FDB5B0C21D8262A000FD07C4 /* PageGetMyDoctorsActions.swift */; };
		FDDEFC6F1D810D7B00887C3E /* PageIndexActions.swift in Sources */ = {isa = PBXBuildFile; fileRef = FDDEFC6E1D810D7B00887C3E /* PageIndexActions.swift */; };
/* End PBXBuildFile section */

/* Begin PBXContainerItemProxy section */
		7312ED941D5EB99D006F6B56 /* PBXContainerItemProxy */ = {
			isa = PBXContainerItemProxy;
			containerPortal = 7312ED741D5EB99C006F6B56 /* Project object */;
			proxyType = 1;
			remoteGlobalIDString = 7312ED7B1D5EB99D006F6B56;
			remoteInfo = YiMaiPatient;
		};
		7312ED9F1D5EB99D006F6B56 /* PBXContainerItemProxy */ = {
			isa = PBXContainerItemProxy;
			containerPortal = 7312ED741D5EB99C006F6B56 /* Project object */;
			proxyType = 1;
			remoteGlobalIDString = 7312ED7B1D5EB99D006F6B56;
			remoteInfo = YiMaiPatient;
		};
/* End PBXContainerItemProxy section */

/* Begin PBXFileReference section */
		1C81E0AA32E7C1994A8E645F /* Pods-YiMaiPatient.debug.xcconfig */ = {isa = PBXFileReference; includeInIndex = 1; lastKnownFileType = text.xcconfig; name = "Pods-YiMaiPatient.debug.xcconfig"; path = "Pods/Target Support Files/Pods-YiMaiPatient/Pods-YiMaiPatient.debug.xcconfig"; sourceTree = "<group>"; };
		2C248139E12DFB7B423DC1FB /* Pods-YiMaiPatient.release.xcconfig */ = {isa = PBXFileReference; includeInIndex = 1; lastKnownFileType = text.xcconfig; name = "Pods-YiMaiPatient.release.xcconfig"; path = "Pods/Target Support Files/Pods-YiMaiPatient/Pods-YiMaiPatient.release.xcconfig"; sourceTree = "<group>"; };
		7307BFD41D5EEF7B000F31E5 /* Base */ = {isa = PBXFileReference; lastKnownFileType = file.storyboard; name = Base; path = Base.lproj/PageRegister.storyboard; sourceTree = "<group>"; };
		7307BFD61D5EEF94000F31E5 /* PageRegisterViewController.swift */ = {isa = PBXFileReference; fileEncoding = 4; lastKnownFileType = sourcecode.swift; path = PageRegisterViewController.swift; sourceTree = "<group>"; };
		7307BFD81D5EEFBA000F31E5 /* PageRegisterBodyView.swift */ = {isa = PBXFileReference; fileEncoding = 4; lastKnownFileType = sourcecode.swift; path = PageRegisterBodyView.swift; sourceTree = "<group>"; };
		7307BFDA1D5EF42B000F31E5 /* YMRegisterStrings.swift */ = {isa = PBXFileReference; fileEncoding = 4; lastKnownFileType = sourcecode.swift; path = YMRegisterStrings.swift; sourceTree = "<group>"; };
		7307BFDC1D5EF442000F31E5 /* PageRegisterActions.swift */ = {isa = PBXFileReference; fileEncoding = 4; lastKnownFileType = sourcecode.swift; path = PageRegisterActions.swift; sourceTree = "<group>"; };
		7307BFDE1D5EF540000F31E5 /* YMModuleStrings.swift */ = {isa = PBXFileReference; fileEncoding = 4; lastKnownFileType = sourcecode.swift; path = YMModuleStrings.swift; sourceTree = "<group>"; };
		7307BFE31D5F02F2000F31E5 /* Base */ = {isa = PBXFileReference; lastKnownFileType = file.storyboard; name = Base; path = Base.lproj/PageRegisterInputInfo.storyboard; sourceTree = "<group>"; };
		7307BFE51D5F0301000F31E5 /* PageRegisterInputInfoViewController.swift */ = {isa = PBXFileReference; fileEncoding = 4; lastKnownFileType = sourcecode.swift; path = PageRegisterInputInfoViewController.swift; sourceTree = "<group>"; };
		7307BFE71D5F032A000F31E5 /* PageRegisterInputInfoBodyView.swift */ = {isa = PBXFileReference; fileEncoding = 4; lastKnownFileType = sourcecode.swift; path = PageRegisterInputInfoBodyView.swift; sourceTree = "<group>"; };
		7307BFE91D5F0EE6000F31E5 /* PageRegisterInputInfoActions.swift */ = {isa = PBXFileReference; fileEncoding = 4; lastKnownFileType = sourcecode.swift; path = PageRegisterInputInfoActions.swift; sourceTree = "<group>"; };
		730DDF591D5EC4D600E4ABB6 /* YMAPIUtility.swift */ = {isa = PBXFileReference; fileEncoding = 4; lastKnownFileType = sourcecode.swift; path = YMAPIUtility.swift; sourceTree = "<group>"; };
		730DDF5A1D5EC4D600E4ABB6 /* YMCoreDataEngine.swift */ = {isa = PBXFileReference; fileEncoding = 4; lastKnownFileType = sourcecode.swift; path = YMCoreDataEngine.swift; sourceTree = "<group>"; };
		730DDF5B1D5EC4D600E4ABB6 /* YMLoaclData.swift */ = {isa = PBXFileReference; fileEncoding = 4; lastKnownFileType = sourcecode.swift; path = YMLoaclData.swift; sourceTree = "<group>"; };
		730DDF5C1D5EC4D600E4ABB6 /* YMModelView.swift */ = {isa = PBXFileReference; fileEncoding = 4; lastKnownFileType = sourcecode.swift; path = YMModelView.swift; sourceTree = "<group>"; };
		730DDF5D1D5EC4D600E4ABB6 /* YMNetworkUtility.swift */ = {isa = PBXFileReference; fileEncoding = 4; lastKnownFileType = sourcecode.swift; path = YMNetworkUtility.swift; sourceTree = "<group>"; };
		730DDF5E1D5EC4D600E4ABB6 /* YMValueValidator.swift */ = {isa = PBXFileReference; fileEncoding = 4; lastKnownFileType = sourcecode.swift; path = YMValueValidator.swift; sourceTree = "<group>"; };
		730DDF5F1D5EC4D600E4ABB6 /* YMVar.swift */ = {isa = PBXFileReference; fileEncoding = 4; lastKnownFileType = sourcecode.swift; path = YMVar.swift; sourceTree = "<group>"; };
		730DDF611D5EC4D600E4ABB6 /* YMBasicTypeExtensionForLayout.swift */ = {isa = PBXFileReference; fileEncoding = 4; lastKnownFileType = sourcecode.swift; path = YMBasicTypeExtensionForLayout.swift; sourceTree = "<group>"; };
		730DDF621D5EC4D600E4ABB6 /* YMColors.swift */ = {isa = PBXFileReference; fileEncoding = 4; lastKnownFileType = sourcecode.swift; path = YMColors.swift; sourceTree = "<group>"; };
		730DDF631D5EC4D600E4ABB6 /* YMFonts.swift */ = {isa = PBXFileReference; fileEncoding = 4; lastKnownFileType = sourcecode.swift; path = YMFonts.swift; sourceTree = "<group>"; };
		730DDF641D5EC4D600E4ABB6 /* YMLayout.swift */ = {isa = PBXFileReference; fileEncoding = 4; lastKnownFileType = sourcecode.swift; path = YMLayout.swift; sourceTree = "<group>"; };
		730DDF651D5EC4D600E4ABB6 /* YMSizes.swift */ = {isa = PBXFileReference; fileEncoding = 4; lastKnownFileType = sourcecode.swift; path = YMSizes.swift; sourceTree = "<group>"; };
		730DDF681D5EC4D600E4ABB6 /* YMButton.swift */ = {isa = PBXFileReference; fileEncoding = 4; lastKnownFileType = sourcecode.swift; path = YMButton.swift; sourceTree = "<group>"; };
		730DDF6A1D5EC4D600E4ABB6 /* YMClassesAndProtocols.swift */ = {isa = PBXFileReference; fileEncoding = 4; lastKnownFileType = sourcecode.swift; path = YMClassesAndProtocols.swift; sourceTree = "<group>"; };
		730DDF6B1D5EC4D600E4ABB6 /* YMDatetime.swift */ = {isa = PBXFileReference; fileEncoding = 4; lastKnownFileType = sourcecode.swift; path = YMDatetime.swift; sourceTree = "<group>"; };
		730DDF6C1D5EC4D600E4ABB6 /* YMSelectors.swift */ = {isa = PBXFileReference; fileEncoding = 4; lastKnownFileType = sourcecode.swift; path = YMSelectors.swift; sourceTree = "<group>"; };
		730DDF6D1D5EC4D600E4ABB6 /* YMTableView.swift */ = {isa = PBXFileReference; fileEncoding = 4; lastKnownFileType = sourcecode.swift; path = YMTableView.swift; sourceTree = "<group>"; };
		730DDF6E1D5EC4D600E4ABB6 /* YMTextArea.swift */ = {isa = PBXFileReference; fileEncoding = 4; lastKnownFileType = sourcecode.swift; path = YMTextArea.swift; sourceTree = "<group>"; };
		730DDF6F1D5EC4D600E4ABB6 /* YMTextInput.swift */ = {isa = PBXFileReference; fileEncoding = 4; lastKnownFileType = sourcecode.swift; path = YMTextInput.swift; sourceTree = "<group>"; };
		730DDF701D5EC4D600E4ABB6 /* YMTouchableView.swift */ = {isa = PBXFileReference; fileEncoding = 4; lastKnownFileType = sourcecode.swift; path = YMTouchableView.swift; sourceTree = "<group>"; };
		730DDF861D5EC5A800E4ABB6 /* YMCommonStrings.swift */ = {isa = PBXFileReference; fileEncoding = 4; lastKnownFileType = sourcecode.swift; path = YMCommonStrings.swift; sourceTree = "<group>"; };
		730DDF871D5EC5A800E4ABB6 /* YMCoreDataKeyStrings.swift */ = {isa = PBXFileReference; fileEncoding = 4; lastKnownFileType = sourcecode.swift; path = YMCoreDataKeyStrings.swift; sourceTree = "<group>"; };
		730DDF881D5EC5A800E4ABB6 /* YMLoaclDataStrings.swift */ = {isa = PBXFileReference; fileEncoding = 4; lastKnownFileType = sourcecode.swift; path = YMLoaclDataStrings.swift; sourceTree = "<group>"; };
		730DDF8F1D5EC64600E4ABB6 /* YMCommonActions.swift */ = {isa = PBXFileReference; fileEncoding = 4; lastKnownFileType = sourcecode.swift; path = YMCommonActions.swift; sourceTree = "<group>"; };
		730DDF911D5EC64600E4ABB6 /* PageCommonBottomView.swift */ = {isa = PBXFileReference; fileEncoding = 4; lastKnownFileType = sourcecode.swift; path = PageCommonBottomView.swift; sourceTree = "<group>"; };
		730DDF931D5EC64600E4ABB6 /* PageSearchResultCell.swift */ = {isa = PBXFileReference; fileEncoding = 4; lastKnownFileType = sourcecode.swift; path = PageSearchResultCell.swift; sourceTree = "<group>"; };
		730DDF951D5EC64600E4ABB6 /* PageCommonTopView.swift */ = {isa = PBXFileReference; fileEncoding = 4; lastKnownFileType = sourcecode.swift; path = PageCommonTopView.swift; sourceTree = "<group>"; };
		730DDF961D5EC64600E4ABB6 /* YMCurrentPage.swift */ = {isa = PBXFileReference; fileEncoding = 4; lastKnownFileType = sourcecode.swift; path = YMCurrentPage.swift; sourceTree = "<group>"; };
		7312ED7C1D5EB99D006F6B56 /* YiMaiPatient.app */ = {isa = PBXFileReference; explicitFileType = wrapper.application; includeInIndex = 0; path = YiMaiPatient.app; sourceTree = BUILT_PRODUCTS_DIR; };
		7312ED7F1D5EB99D006F6B56 /* AppDelegate.swift */ = {isa = PBXFileReference; lastKnownFileType = sourcecode.swift; path = AppDelegate.swift; sourceTree = "<group>"; };
		7312ED811D5EB99D006F6B56 /* ViewController.swift */ = {isa = PBXFileReference; lastKnownFileType = sourcecode.swift; path = ViewController.swift; sourceTree = "<group>"; };
		7312ED841D5EB99D006F6B56 /* Base */ = {isa = PBXFileReference; lastKnownFileType = file.storyboard; name = Base; path = Base.lproj/Main.storyboard; sourceTree = "<group>"; };
		7312ED871D5EB99D006F6B56 /* YiMaiPatient.xcdatamodel */ = {isa = PBXFileReference; lastKnownFileType = wrapper.xcdatamodel; path = YiMaiPatient.xcdatamodel; sourceTree = "<group>"; };
		7312ED891D5EB99D006F6B56 /* Assets.xcassets */ = {isa = PBXFileReference; lastKnownFileType = folder.assetcatalog; path = Assets.xcassets; sourceTree = "<group>"; };
		7312ED8C1D5EB99D006F6B56 /* Base */ = {isa = PBXFileReference; lastKnownFileType = file.storyboard; name = Base; path = Base.lproj/LaunchScreen.storyboard; sourceTree = "<group>"; };
		7312ED8E1D5EB99D006F6B56 /* Info.plist */ = {isa = PBXFileReference; lastKnownFileType = text.plist.xml; path = Info.plist; sourceTree = "<group>"; };
		7312ED931D5EB99D006F6B56 /* YiMaiPatientTests.xctest */ = {isa = PBXFileReference; explicitFileType = wrapper.cfbundle; includeInIndex = 0; path = YiMaiPatientTests.xctest; sourceTree = BUILT_PRODUCTS_DIR; };
		7312ED971D5EB99D006F6B56 /* YiMaiPatientTests.swift */ = {isa = PBXFileReference; lastKnownFileType = sourcecode.swift; path = YiMaiPatientTests.swift; sourceTree = "<group>"; };
		7312ED991D5EB99D006F6B56 /* Info.plist */ = {isa = PBXFileReference; lastKnownFileType = text.plist.xml; path = Info.plist; sourceTree = "<group>"; };
		7312ED9E1D5EB99D006F6B56 /* YiMaiPatientUITests.xctest */ = {isa = PBXFileReference; explicitFileType = wrapper.cfbundle; includeInIndex = 0; path = YiMaiPatientUITests.xctest; sourceTree = BUILT_PRODUCTS_DIR; };
		7312EDA21D5EB99D006F6B56 /* YiMaiPatientUITests.swift */ = {isa = PBXFileReference; lastKnownFileType = sourcecode.swift; path = YiMaiPatientUITests.swift; sourceTree = "<group>"; };
		7312EDA41D5EB99D006F6B56 /* Info.plist */ = {isa = PBXFileReference; lastKnownFileType = text.plist.xml; path = Info.plist; sourceTree = "<group>"; };
		738F49401D5EC6DD00E577F4 /* YMAPIStrings.swift */ = {isa = PBXFileReference; fileEncoding = 4; lastKnownFileType = sourcecode.swift; path = YMAPIStrings.swift; sourceTree = "<group>"; };
		738F49511D5ECC8200E577F4 /* Base */ = {isa = PBXFileReference; lastKnownFileType = file.storyboard; name = Base; path = Base.lproj/PageLogin.storyboard; sourceTree = "<group>"; };
		738F49531D5ECCA300E577F4 /* PageLoginViewController.swift */ = {isa = PBXFileReference; fileEncoding = 4; lastKnownFileType = sourcecode.swift; path = PageLoginViewController.swift; sourceTree = "<group>"; };
		738F49551D5ECCF300E577F4 /* PageLoginBodyView.swift */ = {isa = PBXFileReference; fileEncoding = 4; lastKnownFileType = sourcecode.swift; path = PageLoginBodyView.swift; sourceTree = "<group>"; };
		738F49571D5ECD2D00E577F4 /* PageLoginActions.swift */ = {isa = PBXFileReference; fileEncoding = 4; lastKnownFileType = sourcecode.swift; path = PageLoginActions.swift; sourceTree = "<group>"; };
		738F49591D5ECEBB00E577F4 /* YMLoginStrings.swift */ = {isa = PBXFileReference; fileEncoding = 4; lastKnownFileType = sourcecode.swift; path = YMLoginStrings.swift; sourceTree = "<group>"; };
		738F49601D5ED04300E577F4 /* Base */ = {isa = PBXFileReference; lastKnownFileType = file.storyboard; name = Base; path = Base.lproj/PageAppLoading.storyboard; sourceTree = "<group>"; };
		738F49621D5ED0CA00E577F4 /* PageAppLoadingViewController.swift */ = {isa = PBXFileReference; fileEncoding = 4; lastKnownFileType = sourcecode.swift; path = PageAppLoadingViewController.swift; sourceTree = "<group>"; };
		738F49651D5ED11900E577F4 /* PageAppLoadingActions.swift */ = {isa = PBXFileReference; fileEncoding = 4; lastKnownFileType = sourcecode.swift; path = PageAppLoadingActions.swift; sourceTree = "<group>"; };
		73A678821D60AF950005E90C /* Base */ = {isa = PBXFileReference; lastKnownFileType = file.storyboard; name = Base; path = Base.lproj/PageSelectCity.storyboard; sourceTree = "<group>"; };
		73A678841D60AFAE0005E90C /* PageSelectCityViewController.swift */ = {isa = PBXFileReference; fileEncoding = 4; lastKnownFileType = sourcecode.swift; path = PageSelectCityViewController.swift; sourceTree = "<group>"; };
		73A678861D60B0710005E90C /* PageSelectCityBodyView.swift */ = {isa = PBXFileReference; fileEncoding = 4; lastKnownFileType = sourcecode.swift; path = PageSelectCityBodyView.swift; sourceTree = "<group>"; };
		73A678881D60B2FB0005E90C /* cityDictionary.plist */ = {isa = PBXFileReference; fileEncoding = 4; lastKnownFileType = text.plist.xml; path = cityDictionary.plist; sourceTree = "<group>"; };
		73A678911D60C3720005E90C /* Base */ = {isa = PBXFileReference; lastKnownFileType = file.storyboard; name = Base; path = Base.lproj/PageIndex.storyboard; sourceTree = "<group>"; };
		73A678931D60C37F0005E90C /* PageIndexViewController.swift */ = {isa = PBXFileReference; fileEncoding = 4; lastKnownFileType = sourcecode.swift; path = PageIndexViewController.swift; sourceTree = "<group>"; };
		73A678951D60C3B70005E90C /* PageIndexBodyView.swift */ = {isa = PBXFileReference; fileEncoding = 4; lastKnownFileType = sourcecode.swift; path = PageIndexBodyView.swift; sourceTree = "<group>"; };
		F7591AC2A9B639D8F3C115FB /* Pods_YiMaiPatient.framework */ = {isa = PBXFileReference; explicitFileType = wrapper.framework; includeInIndex = 0; path = Pods_YiMaiPatient.framework; sourceTree = BUILT_PRODUCTS_DIR; };
		FD4735CC1D81B22000BBEF16 /* SwiftQRCode.swift */ = {isa = PBXFileReference; fileEncoding = 4; lastKnownFileType = sourcecode.swift; path = SwiftQRCode.swift; sourceTree = "<group>"; };
		FDB5B0BA1D82620C00FD07C4 /* Base */ = {isa = PBXFileReference; lastKnownFileType = file.storyboard; name = Base; path = Base.lproj/PageGetMyDoctors.storyboard; sourceTree = "<group>"; };
		FDB5B0BE1D82625600FD07C4 /* PageGetMyDoctorsViewController.swift */ = {isa = PBXFileReference; fileEncoding = 4; lastKnownFileType = sourcecode.swift; path = PageGetMyDoctorsViewController.swift; sourceTree = "<group>"; };
		FDB5B0C01D82629500FD07C4 /* PageGetMyDoctorsBodyView.swift */ = {isa = PBXFileReference; fileEncoding = 4; lastKnownFileType = sourcecode.swift; path = PageGetMyDoctorsBodyView.swift; sourceTree = "<group>"; };
		FDB5B0C21D8262A000FD07C4 /* PageGetMyDoctorsActions.swift */ = {isa = PBXFileReference; fileEncoding = 4; lastKnownFileType = sourcecode.swift; path = PageGetMyDoctorsActions.swift; sourceTree = "<group>"; };
		FDDEFC6E1D810D7B00887C3E /* PageIndexActions.swift */ = {isa = PBXFileReference; fileEncoding = 4; lastKnownFileType = sourcecode.swift; path = PageIndexActions.swift; sourceTree = "<group>"; };
/* End PBXFileReference section */

/* Begin PBXFrameworksBuildPhase section */
		7312ED791D5EB99D006F6B56 /* Frameworks */ = {
			isa = PBXFrameworksBuildPhase;
			buildActionMask = 2147483647;
			files = (
				00E7C407FA57CD648BFB7AB1 /* Pods_YiMaiPatient.framework in Frameworks */,
			);
			runOnlyForDeploymentPostprocessing = 0;
		};
		7312ED901D5EB99D006F6B56 /* Frameworks */ = {
			isa = PBXFrameworksBuildPhase;
			buildActionMask = 2147483647;
			files = (
			);
			runOnlyForDeploymentPostprocessing = 0;
		};
		7312ED9B1D5EB99D006F6B56 /* Frameworks */ = {
			isa = PBXFrameworksBuildPhase;
			buildActionMask = 2147483647;
			files = (
			);
			runOnlyForDeploymentPostprocessing = 0;
		};
/* End PBXFrameworksBuildPhase section */

/* Begin PBXGroup section */
		1E56F4D2C0E12888B9E6D3F8 /* Frameworks */ = {
			isa = PBXGroup;
			children = (
				F7591AC2A9B639D8F3C115FB /* Pods_YiMaiPatient.framework */,
			);
			name = Frameworks;
			sourceTree = "<group>";
		};
		730DDF571D5EC4D600E4ABB6 /* UtilityTools */ = {
			isa = PBXGroup;
			children = (
				730DDF581D5EC4D600E4ABB6 /* Common */,
				730DDF601D5EC4D600E4ABB6 /* Layout */,
				730DDF661D5EC4D600E4ABB6 /* Strings */,
				730DDF671D5EC4D600E4ABB6 /* YMClasses */,
			);
			path = UtilityTools;
			sourceTree = "<group>";
		};
		730DDF581D5EC4D600E4ABB6 /* Common */ = {
			isa = PBXGroup;
			children = (
				730DDF591D5EC4D600E4ABB6 /* YMAPIUtility.swift */,
				730DDF5A1D5EC4D600E4ABB6 /* YMCoreDataEngine.swift */,
				730DDF5B1D5EC4D600E4ABB6 /* YMLoaclData.swift */,
				730DDF5C1D5EC4D600E4ABB6 /* YMModelView.swift */,
				730DDF5D1D5EC4D600E4ABB6 /* YMNetworkUtility.swift */,
				730DDF5E1D5EC4D600E4ABB6 /* YMValueValidator.swift */,
				730DDF5F1D5EC4D600E4ABB6 /* YMVar.swift */,
				FD4735CC1D81B22000BBEF16 /* SwiftQRCode.swift */,
			);
			path = Common;
			sourceTree = "<group>";
		};
		730DDF601D5EC4D600E4ABB6 /* Layout */ = {
			isa = PBXGroup;
			children = (
				730DDF611D5EC4D600E4ABB6 /* YMBasicTypeExtensionForLayout.swift */,
				730DDF621D5EC4D600E4ABB6 /* YMColors.swift */,
				730DDF631D5EC4D600E4ABB6 /* YMFonts.swift */,
				730DDF641D5EC4D600E4ABB6 /* YMLayout.swift */,
				730DDF651D5EC4D600E4ABB6 /* YMSizes.swift */,
			);
			path = Layout;
			sourceTree = "<group>";
		};
		730DDF661D5EC4D600E4ABB6 /* Strings */ = {
			isa = PBXGroup;
			children = (
				7307BFDE1D5EF540000F31E5 /* YMModuleStrings.swift */,
				7307BFDA1D5EF42B000F31E5 /* YMRegisterStrings.swift */,
				738F49591D5ECEBB00E577F4 /* YMLoginStrings.swift */,
				738F49401D5EC6DD00E577F4 /* YMAPIStrings.swift */,
				730DDF861D5EC5A800E4ABB6 /* YMCommonStrings.swift */,
				730DDF871D5EC5A800E4ABB6 /* YMCoreDataKeyStrings.swift */,
				730DDF881D5EC5A800E4ABB6 /* YMLoaclDataStrings.swift */,
			);
			path = Strings;
			sourceTree = "<group>";
		};
		730DDF671D5EC4D600E4ABB6 /* YMClasses */ = {
			isa = PBXGroup;
			children = (
				730DDF681D5EC4D600E4ABB6 /* YMButton.swift */,
				730DDF6A1D5EC4D600E4ABB6 /* YMClassesAndProtocols.swift */,
				730DDF6B1D5EC4D600E4ABB6 /* YMDatetime.swift */,
				730DDF6C1D5EC4D600E4ABB6 /* YMSelectors.swift */,
				730DDF6D1D5EC4D600E4ABB6 /* YMTableView.swift */,
				730DDF6E1D5EC4D600E4ABB6 /* YMTextArea.swift */,
				730DDF6F1D5EC4D600E4ABB6 /* YMTextInput.swift */,
				730DDF701D5EC4D600E4ABB6 /* YMTouchableView.swift */,
			);
			path = YMClasses;
			sourceTree = "<group>";
		};
		730DDF8C1D5EC64600E4ABB6 /* Pages */ = {
			isa = PBXGroup;
			children = (
				FDB5B0B41D8261E800FD07C4 /* GetMyDoctors */,
				73A6788A1D60C3530005E90C /* Index */,
				738F495B1D5ECF7500E577F4 /* AppLoading */,
				738F49421D5EC98B00E577F4 /* Login */,
				738F49451D5EC98B00E577F4 /* Register */,
				738F49481D5EC98B00E577F4 /* RegisterInputInfo */,
				738F494B1D5EC98B00E577F4 /* SelectCity */,
				730DDF8D1D5EC64600E4ABB6 /* Common */,
			);
			path = Pages;
			sourceTree = "<group>";
		};
		730DDF8D1D5EC64600E4ABB6 /* Common */ = {
			isa = PBXGroup;
			children = (
				730DDF8E1D5EC64600E4ABB6 /* Actions */,
				730DDF901D5EC64600E4ABB6 /* Bottom */,
				730DDF921D5EC64600E4ABB6 /* PageSearchResultCell */,
				730DDF941D5EC64600E4ABB6 /* Top */,
				730DDF961D5EC64600E4ABB6 /* YMCurrentPage.swift */,
			);
			path = Common;
			sourceTree = "<group>";
		};
		730DDF8E1D5EC64600E4ABB6 /* Actions */ = {
			isa = PBXGroup;
			children = (
				730DDF8F1D5EC64600E4ABB6 /* YMCommonActions.swift */,
			);
			path = Actions;
			sourceTree = "<group>";
		};
		730DDF901D5EC64600E4ABB6 /* Bottom */ = {
			isa = PBXGroup;
			children = (
				730DDF911D5EC64600E4ABB6 /* PageCommonBottomView.swift */,
			);
			path = Bottom;
			sourceTree = "<group>";
		};
		730DDF921D5EC64600E4ABB6 /* PageSearchResultCell */ = {
			isa = PBXGroup;
			children = (
				730DDF931D5EC64600E4ABB6 /* PageSearchResultCell.swift */,
			);
			path = PageSearchResultCell;
			sourceTree = "<group>";
		};
		730DDF941D5EC64600E4ABB6 /* Top */ = {
			isa = PBXGroup;
			children = (
				730DDF951D5EC64600E4ABB6 /* PageCommonTopView.swift */,
			);
			path = Top;
			sourceTree = "<group>";
		};
		7312ED731D5EB99C006F6B56 = {
			isa = PBXGroup;
			children = (
				7312ED7E1D5EB99D006F6B56 /* YiMaiPatient */,
				7312ED961D5EB99D006F6B56 /* YiMaiPatientTests */,
				7312EDA11D5EB99D006F6B56 /* YiMaiPatientUITests */,
				7312ED7D1D5EB99D006F6B56 /* Products */,
				C68F0C02424F8D4A587F7E93 /* Pods */,
				1E56F4D2C0E12888B9E6D3F8 /* Frameworks */,
			);
			sourceTree = "<group>";
		};
		7312ED7D1D5EB99D006F6B56 /* Products */ = {
			isa = PBXGroup;
			children = (
				7312ED7C1D5EB99D006F6B56 /* YiMaiPatient.app */,
				7312ED931D5EB99D006F6B56 /* YiMaiPatientTests.xctest */,
				7312ED9E1D5EB99D006F6B56 /* YiMaiPatientUITests.xctest */,
			);
			name = Products;
			sourceTree = "<group>";
		};
		7312ED7E1D5EB99D006F6B56 /* YiMaiPatient */ = {
			isa = PBXGroup;
			children = (
				73A678881D60B2FB0005E90C /* cityDictionary.plist */,
				730DDF8C1D5EC64600E4ABB6 /* Pages */,
				730DDF571D5EC4D600E4ABB6 /* UtilityTools */,
				7312ED7F1D5EB99D006F6B56 /* AppDelegate.swift */,
				7312ED811D5EB99D006F6B56 /* ViewController.swift */,
				7312ED831D5EB99D006F6B56 /* Main.storyboard */,
				7312ED891D5EB99D006F6B56 /* Assets.xcassets */,
				7312ED8B1D5EB99D006F6B56 /* LaunchScreen.storyboard */,
				7312ED8E1D5EB99D006F6B56 /* Info.plist */,
				7312ED861D5EB99D006F6B56 /* YiMaiPatient.xcdatamodeld */,
			);
			path = YiMaiPatient;
			sourceTree = "<group>";
		};
		7312ED961D5EB99D006F6B56 /* YiMaiPatientTests */ = {
			isa = PBXGroup;
			children = (
				7312ED971D5EB99D006F6B56 /* YiMaiPatientTests.swift */,
				7312ED991D5EB99D006F6B56 /* Info.plist */,
			);
			path = YiMaiPatientTests;
			sourceTree = "<group>";
		};
		7312EDA11D5EB99D006F6B56 /* YiMaiPatientUITests */ = {
			isa = PBXGroup;
			children = (
				7312EDA21D5EB99D006F6B56 /* YiMaiPatientUITests.swift */,
				7312EDA41D5EB99D006F6B56 /* Info.plist */,
			);
			path = YiMaiPatientUITests;
			sourceTree = "<group>";
		};
		738F49421D5EC98B00E577F4 /* Login */ = {
			isa = PBXGroup;
			children = (
				738F49431D5EC98B00E577F4 /* Actions */,
				738F49441D5EC98B00E577F4 /* Body */,
				738F49521D5ECC8200E577F4 /* PageLogin.storyboard */,
				738F49531D5ECCA300E577F4 /* PageLoginViewController.swift */,
			);
			path = Login;
			sourceTree = "<group>";
		};
		738F49431D5EC98B00E577F4 /* Actions */ = {
			isa = PBXGroup;
			children = (
				738F49571D5ECD2D00E577F4 /* PageLoginActions.swift */,
			);
			path = Actions;
			sourceTree = "<group>";
		};
		738F49441D5EC98B00E577F4 /* Body */ = {
			isa = PBXGroup;
			children = (
				738F49551D5ECCF300E577F4 /* PageLoginBodyView.swift */,
			);
			path = Body;
			sourceTree = "<group>";
		};
		738F49451D5EC98B00E577F4 /* Register */ = {
			isa = PBXGroup;
			children = (
				738F49461D5EC98B00E577F4 /* Actions */,
				738F49471D5EC98B00E577F4 /* Body */,
				7307BFD51D5EEF7B000F31E5 /* PageRegister.storyboard */,
				7307BFD61D5EEF94000F31E5 /* PageRegisterViewController.swift */,
			);
			path = Register;
			sourceTree = "<group>";
		};
		738F49461D5EC98B00E577F4 /* Actions */ = {
			isa = PBXGroup;
			children = (
				7307BFDC1D5EF442000F31E5 /* PageRegisterActions.swift */,
			);
			path = Actions;
			sourceTree = "<group>";
		};
		738F49471D5EC98B00E577F4 /* Body */ = {
			isa = PBXGroup;
			children = (
				7307BFD81D5EEFBA000F31E5 /* PageRegisterBodyView.swift */,
			);
			path = Body;
			sourceTree = "<group>";
		};
		738F49481D5EC98B00E577F4 /* RegisterInputInfo */ = {
			isa = PBXGroup;
			children = (
				738F49491D5EC98B00E577F4 /* Actions */,
				738F494A1D5EC98B00E577F4 /* Body */,
				7307BFE41D5F02F2000F31E5 /* PageRegisterInputInfo.storyboard */,
				7307BFE51D5F0301000F31E5 /* PageRegisterInputInfoViewController.swift */,
			);
			path = RegisterInputInfo;
			sourceTree = "<group>";
		};
		738F49491D5EC98B00E577F4 /* Actions */ = {
			isa = PBXGroup;
			children = (
				7307BFE91D5F0EE6000F31E5 /* PageRegisterInputInfoActions.swift */,
			);
			path = Actions;
			sourceTree = "<group>";
		};
		738F494A1D5EC98B00E577F4 /* Body */ = {
			isa = PBXGroup;
			children = (
				7307BFE71D5F032A000F31E5 /* PageRegisterInputInfoBodyView.swift */,
			);
			path = Body;
			sourceTree = "<group>";
		};
		738F494B1D5EC98B00E577F4 /* SelectCity */ = {
			isa = PBXGroup;
			children = (
				738F494C1D5EC98B00E577F4 /* Actions */,
				738F494D1D5EC98B00E577F4 /* Body */,
				73A678831D60AF950005E90C /* PageSelectCity.storyboard */,
				73A678841D60AFAE0005E90C /* PageSelectCityViewController.swift */,
			);
			path = SelectCity;
			sourceTree = "<group>";
		};
		738F494C1D5EC98B00E577F4 /* Actions */ = {
			isa = PBXGroup;
			children = (
			);
			path = Actions;
			sourceTree = "<group>";
		};
		738F494D1D5EC98B00E577F4 /* Body */ = {
			isa = PBXGroup;
			children = (
				73A678861D60B0710005E90C /* PageSelectCityBodyView.swift */,
			);
			path = Body;
			sourceTree = "<group>";
		};
		738F495B1D5ECF7500E577F4 /* AppLoading */ = {
			isa = PBXGroup;
			children = (
				738F49641D5ED0FE00E577F4 /* Actions */,
				738F495C1D5ECF7500E577F4 /* Body */,
				738F49611D5ED04300E577F4 /* PageAppLoading.storyboard */,
				738F49621D5ED0CA00E577F4 /* PageAppLoadingViewController.swift */,
			);
			path = AppLoading;
			sourceTree = "<group>";
		};
		738F495C1D5ECF7500E577F4 /* Body */ = {
			isa = PBXGroup;
			children = (
			);
			path = Body;
			sourceTree = "<group>";
		};
		738F49641D5ED0FE00E577F4 /* Actions */ = {
			isa = PBXGroup;
			children = (
				738F49651D5ED11900E577F4 /* PageAppLoadingActions.swift */,
			);
			path = Actions;
			sourceTree = "<group>";
		};
		73A6788A1D60C3530005E90C /* Index */ = {
			isa = PBXGroup;
			children = (
				FDDEFC6D1D810D5E00887C3E /* Actions */,
				73A6788C1D60C3530005E90C /* Body */,
				73A6788D1D60C3530005E90C /* Top */,
				73A678921D60C3720005E90C /* PageIndex.storyboard */,
				73A678931D60C37F0005E90C /* PageIndexViewController.swift */,
			);
			path = Index;
			sourceTree = "<group>";
		};
		73A6788C1D60C3530005E90C /* Body */ = {
			isa = PBXGroup;
			children = (
				73A678951D60C3B70005E90C /* PageIndexBodyView.swift */,
			);
			path = Body;
			sourceTree = "<group>";
		};
		73A6788D1D60C3530005E90C /* Top */ = {
			isa = PBXGroup;
			children = (
			);
			path = Top;
			sourceTree = "<group>";
		};
		C68F0C02424F8D4A587F7E93 /* Pods */ = {
			isa = PBXGroup;
			children = (
				1C81E0AA32E7C1994A8E645F /* Pods-YiMaiPatient.debug.xcconfig */,
				2C248139E12DFB7B423DC1FB /* Pods-YiMaiPatient.release.xcconfig */,
			);
			name = Pods;
			sourceTree = "<group>";
		};
		FDB5B0B41D8261E800FD07C4 /* GetMyDoctors */ = {
			isa = PBXGroup;
			children = (
				FDB5B0B51D8261E800FD07C4 /* Actions */,
				FDB5B0B61D8261E800FD07C4 /* Body */,
				FDB5B0BB1D82620C00FD07C4 /* PageGetMyDoctors.storyboard */,
				FDB5B0BE1D82625600FD07C4 /* PageGetMyDoctorsViewController.swift */,
			);
			path = GetMyDoctors;
			sourceTree = "<group>";
		};
		FDB5B0B51D8261E800FD07C4 /* Actions */ = {
			isa = PBXGroup;
			children = (
				FDB5B0C21D8262A000FD07C4 /* PageGetMyDoctorsActions.swift */,
			);
			path = Actions;
			sourceTree = "<group>";
		};
		FDB5B0B61D8261E800FD07C4 /* Body */ = {
			isa = PBXGroup;
			children = (
				FDB5B0C01D82629500FD07C4 /* PageGetMyDoctorsBodyView.swift */,
			);
			path = Body;
			sourceTree = "<group>";
		};
		FDDEFC6D1D810D5E00887C3E /* Actions */ = {
			isa = PBXGroup;
			children = (
				FDDEFC6E1D810D7B00887C3E /* PageIndexActions.swift */,
			);
			path = Actions;
			sourceTree = "<group>";
		};
/* End PBXGroup section */

/* Begin PBXNativeTarget section */
		7312ED7B1D5EB99D006F6B56 /* YiMaiPatient */ = {
			isa = PBXNativeTarget;
			buildConfigurationList = 7312EDA71D5EB99D006F6B56 /* Build configuration list for PBXNativeTarget "YiMaiPatient" */;
			buildPhases = (
				8BF0E751DCBCFC06E02020CC /* [CP] Check Pods Manifest.lock */,
				7312ED781D5EB99D006F6B56 /* Sources */,
				7312ED791D5EB99D006F6B56 /* Frameworks */,
				7312ED7A1D5EB99D006F6B56 /* Resources */,
				5BC83E4C6EE086DD73CC032E /* [CP] Embed Pods Frameworks */,
				1976EFD96378C579CBEDE2D5 /* [CP] Copy Pods Resources */,
			);
			buildRules = (
			);
			dependencies = (
			);
			name = YiMaiPatient;
			productName = YiMaiPatient;
			productReference = 7312ED7C1D5EB99D006F6B56 /* YiMaiPatient.app */;
			productType = "com.apple.product-type.application";
		};
		7312ED921D5EB99D006F6B56 /* YiMaiPatientTests */ = {
			isa = PBXNativeTarget;
			buildConfigurationList = 7312EDAA1D5EB99D006F6B56 /* Build configuration list for PBXNativeTarget "YiMaiPatientTests" */;
			buildPhases = (
				7312ED8F1D5EB99D006F6B56 /* Sources */,
				7312ED901D5EB99D006F6B56 /* Frameworks */,
				7312ED911D5EB99D006F6B56 /* Resources */,
			);
			buildRules = (
			);
			dependencies = (
				7312ED951D5EB99D006F6B56 /* PBXTargetDependency */,
			);
			name = YiMaiPatientTests;
			productName = YiMaiPatientTests;
			productReference = 7312ED931D5EB99D006F6B56 /* YiMaiPatientTests.xctest */;
			productType = "com.apple.product-type.bundle.unit-test";
		};
		7312ED9D1D5EB99D006F6B56 /* YiMaiPatientUITests */ = {
			isa = PBXNativeTarget;
			buildConfigurationList = 7312EDAD1D5EB99D006F6B56 /* Build configuration list for PBXNativeTarget "YiMaiPatientUITests" */;
			buildPhases = (
				7312ED9A1D5EB99D006F6B56 /* Sources */,
				7312ED9B1D5EB99D006F6B56 /* Frameworks */,
				7312ED9C1D5EB99D006F6B56 /* Resources */,
			);
			buildRules = (
			);
			dependencies = (
				7312EDA01D5EB99D006F6B56 /* PBXTargetDependency */,
			);
			name = YiMaiPatientUITests;
			productName = YiMaiPatientUITests;
			productReference = 7312ED9E1D5EB99D006F6B56 /* YiMaiPatientUITests.xctest */;
			productType = "com.apple.product-type.bundle.ui-testing";
		};
/* End PBXNativeTarget section */

/* Begin PBXProject section */
		7312ED741D5EB99C006F6B56 /* Project object */ = {
			isa = PBXProject;
			attributes = {
				LastSwiftUpdateCheck = 0730;
				LastUpgradeCheck = 0730;
				ORGANIZATIONNAME = yimai;
				TargetAttributes = {
					7312ED7B1D5EB99D006F6B56 = {
						CreatedOnToolsVersion = 7.3.1;
						DevelopmentTeam = 6HV8LR8T36;
					};
					7312ED921D5EB99D006F6B56 = {
						CreatedOnToolsVersion = 7.3.1;
						TestTargetID = 7312ED7B1D5EB99D006F6B56;
					};
					7312ED9D1D5EB99D006F6B56 = {
						CreatedOnToolsVersion = 7.3.1;
						TestTargetID = 7312ED7B1D5EB99D006F6B56;
					};
				};
			};
			buildConfigurationList = 7312ED771D5EB99C006F6B56 /* Build configuration list for PBXProject "YiMaiPatient" */;
			compatibilityVersion = "Xcode 3.2";
			developmentRegion = English;
			hasScannedForEncodings = 0;
			knownRegions = (
				en,
				Base,
			);
			mainGroup = 7312ED731D5EB99C006F6B56;
			productRefGroup = 7312ED7D1D5EB99D006F6B56 /* Products */;
			projectDirPath = "";
			projectRoot = "";
			targets = (
				7312ED7B1D5EB99D006F6B56 /* YiMaiPatient */,
				7312ED921D5EB99D006F6B56 /* YiMaiPatientTests */,
				7312ED9D1D5EB99D006F6B56 /* YiMaiPatientUITests */,
			);
		};
/* End PBXProject section */

/* Begin PBXResourcesBuildPhase section */
		7312ED7A1D5EB99D006F6B56 /* Resources */ = {
			isa = PBXResourcesBuildPhase;
			buildActionMask = 2147483647;
			files = (
				73A678901D60C3720005E90C /* PageIndex.storyboard in Resources */,
				7307BFD31D5EEF7B000F31E5 /* PageRegister.storyboard in Resources */,
				FDB5B0B91D82620C00FD07C4 /* PageGetMyDoctors.storyboard in Resources */,
				7312ED8D1D5EB99D006F6B56 /* LaunchScreen.storyboard in Resources */,
				738F495F1D5ED04300E577F4 /* PageAppLoading.storyboard in Resources */,
				738F49501D5ECC8200E577F4 /* PageLogin.storyboard in Resources */,
				7307BFE21D5F02F2000F31E5 /* PageRegisterInputInfo.storyboard in Resources */,
				7312ED8A1D5EB99D006F6B56 /* Assets.xcassets in Resources */,
				73A678811D60AF950005E90C /* PageSelectCity.storyboard in Resources */,
				73A678891D60B2FB0005E90C /* cityDictionary.plist in Resources */,
				7312ED851D5EB99D006F6B56 /* Main.storyboard in Resources */,
			);
			runOnlyForDeploymentPostprocessing = 0;
		};
		7312ED911D5EB99D006F6B56 /* Resources */ = {
			isa = PBXResourcesBuildPhase;
			buildActionMask = 2147483647;
			files = (
			);
			runOnlyForDeploymentPostprocessing = 0;
		};
		7312ED9C1D5EB99D006F6B56 /* Resources */ = {
			isa = PBXResourcesBuildPhase;
			buildActionMask = 2147483647;
			files = (
			);
			runOnlyForDeploymentPostprocessing = 0;
		};
/* End PBXResourcesBuildPhase section */

/* Begin PBXShellScriptBuildPhase section */
		1976EFD96378C579CBEDE2D5 /* [CP] Copy Pods Resources */ = {
			isa = PBXShellScriptBuildPhase;
			buildActionMask = 2147483647;
			files = (
			);
			inputPaths = (
			);
			name = "[CP] Copy Pods Resources";
			outputPaths = (
			);
			runOnlyForDeploymentPostprocessing = 0;
			shellPath = /bin/sh;
			shellScript = "\"${SRCROOT}/Pods/Target Support Files/Pods-YiMaiPatient/Pods-YiMaiPatient-resources.sh\"\n";
			showEnvVarsInLog = 0;
		};
		5BC83E4C6EE086DD73CC032E /* [CP] Embed Pods Frameworks */ = {
			isa = PBXShellScriptBuildPhase;
			buildActionMask = 2147483647;
			files = (
			);
			inputPaths = (
			);
			name = "[CP] Embed Pods Frameworks";
			outputPaths = (
			);
			runOnlyForDeploymentPostprocessing = 0;
			shellPath = /bin/sh;
			shellScript = "\"${SRCROOT}/Pods/Target Support Files/Pods-YiMaiPatient/Pods-YiMaiPatient-frameworks.sh\"\n";
			showEnvVarsInLog = 0;
		};
		8BF0E751DCBCFC06E02020CC /* [CP] Check Pods Manifest.lock */ = {
			isa = PBXShellScriptBuildPhase;
			buildActionMask = 2147483647;
			files = (
			);
			inputPaths = (
			);
			name = "[CP] Check Pods Manifest.lock";
			outputPaths = (
			);
			runOnlyForDeploymentPostprocessing = 0;
			shellPath = /bin/sh;
			shellScript = "diff \"${PODS_ROOT}/../Podfile.lock\" \"${PODS_ROOT}/Manifest.lock\" > /dev/null\nif [[ $? != 0 ]] ; then\n    cat << EOM\nerror: The sandbox is not in sync with the Podfile.lock. Run 'pod install' or update your CocoaPods installation.\nEOM\n    exit 1\nfi\n";
			showEnvVarsInLog = 0;
		};
/* End PBXShellScriptBuildPhase section */

/* Begin PBXSourcesBuildPhase section */
		7312ED781D5EB99D006F6B56 /* Sources */ = {
			isa = PBXSourcesBuildPhase;
			buildActionMask = 2147483647;
			files = (
				730DDF851D5EC4D600E4ABB6 /* YMTouchableView.swift in Sources */,
				7312ED821D5EB99D006F6B56 /* ViewController.swift in Sources */,
				730DDF7C1D5EC4D600E4ABB6 /* YMSizes.swift in Sources */,
				730DDF711D5EC4D600E4ABB6 /* YMAPIUtility.swift in Sources */,
				7307BFDB1D5EF42B000F31E5 /* YMRegisterStrings.swift in Sources */,
				FDB5B0C11D82629500FD07C4 /* PageGetMyDoctorsBodyView.swift in Sources */,
				738F495A1D5ECEBB00E577F4 /* YMLoginStrings.swift in Sources */,
				7312ED801D5EB99D006F6B56 /* AppDelegate.swift in Sources */,
				730DDF771D5EC4D600E4ABB6 /* YMVar.swift in Sources */,
				730DDF8B1D5EC5A800E4ABB6 /* YMLoaclDataStrings.swift in Sources */,
				7307BFD71D5EEF94000F31E5 /* PageRegisterViewController.swift in Sources */,
				73A678851D60AFAE0005E90C /* PageSelectCityViewController.swift in Sources */,
				73A678871D60B0710005E90C /* PageSelectCityBodyView.swift in Sources */,
				730DDF981D5EC64600E4ABB6 /* PageCommonBottomView.swift in Sources */,
				730DDF731D5EC4D600E4ABB6 /* YMLoaclData.swift in Sources */,
				730DDF721D5EC4D600E4ABB6 /* YMCoreDataEngine.swift in Sources */,
				7307BFDD1D5EF442000F31E5 /* PageRegisterActions.swift in Sources */,
				FDDEFC6F1D810D7B00887C3E /* PageIndexActions.swift in Sources */,
				730DDF751D5EC4D600E4ABB6 /* YMNetworkUtility.swift in Sources */,
				FDB5B0C31D8262A000FD07C4 /* PageGetMyDoctorsActions.swift in Sources */,
				730DDF891D5EC5A800E4ABB6 /* YMCommonStrings.swift in Sources */,
				73A678961D60C3B70005E90C /* PageIndexBodyView.swift in Sources */,
				730DDF8A1D5EC5A800E4ABB6 /* YMCoreDataKeyStrings.swift in Sources */,
				73A678941D60C37F0005E90C /* PageIndexViewController.swift in Sources */,
				7307BFE61D5F0301000F31E5 /* PageRegisterInputInfoViewController.swift in Sources */,
				738F49631D5ED0CA00E577F4 /* PageAppLoadingViewController.swift in Sources */,
				7307BFD91D5EEFBA000F31E5 /* PageRegisterBodyView.swift in Sources */,
				738F49661D5ED11900E577F4 /* PageAppLoadingActions.swift in Sources */,
				730DDF7F1D5EC4D600E4ABB6 /* YMClassesAndProtocols.swift in Sources */,
				730DDF761D5EC4D600E4ABB6 /* YMValueValidator.swift in Sources */,
				730DDF821D5EC4D600E4ABB6 /* YMTableView.swift in Sources */,
				730DDF841D5EC4D600E4ABB6 /* YMTextInput.swift in Sources */,
				730DDF811D5EC4D600E4ABB6 /* YMSelectors.swift in Sources */,
				FD4735CD1D81B22000BBEF16 /* SwiftQRCode.swift in Sources */,
				FDB5B0BF1D82625600FD07C4 /* PageGetMyDoctorsViewController.swift in Sources */,
				738F49581D5ECD2D00E577F4 /* PageLoginActions.swift in Sources */,
				730DDF971D5EC64600E4ABB6 /* YMCommonActions.swift in Sources */,
				730DDF801D5EC4D600E4ABB6 /* YMDatetime.swift in Sources */,
				730DDF741D5EC4D600E4ABB6 /* YMModelView.swift in Sources */,
				730DDF7B1D5EC4D600E4ABB6 /* YMLayout.swift in Sources */,
				730DDF9B1D5EC64600E4ABB6 /* YMCurrentPage.swift in Sources */,
				738F49411D5EC6DD00E577F4 /* YMAPIStrings.swift in Sources */,
				730DDF9A1D5EC64600E4ABB6 /* PageCommonTopView.swift in Sources */,
				7307BFEA1D5F0EE6000F31E5 /* PageRegisterInputInfoActions.swift in Sources */,
				7307BFDF1D5EF540000F31E5 /* YMModuleStrings.swift in Sources */,
				730DDF7D1D5EC4D600E4ABB6 /* YMButton.swift in Sources */,
				730DDF791D5EC4D600E4ABB6 /* YMColors.swift in Sources */,
				730DDF831D5EC4D600E4ABB6 /* YMTextArea.swift in Sources */,
				738F49541D5ECCA300E577F4 /* PageLoginViewController.swift in Sources */,
				730DDF7A1D5EC4D600E4ABB6 /* YMFonts.swift in Sources */,
				730DDF991D5EC64600E4ABB6 /* PageSearchResultCell.swift in Sources */,
				730DDF781D5EC4D600E4ABB6 /* YMBasicTypeExtensionForLayout.swift in Sources */,
				7307BFE81D5F032A000F31E5 /* PageRegisterInputInfoBodyView.swift in Sources */,
				7312ED881D5EB99D006F6B56 /* YiMaiPatient.xcdatamodeld in Sources */,
				738F49561D5ECCF300E577F4 /* PageLoginBodyView.swift in Sources */,
			);
			runOnlyForDeploymentPostprocessing = 0;
		};
		7312ED8F1D5EB99D006F6B56 /* Sources */ = {
			isa = PBXSourcesBuildPhase;
			buildActionMask = 2147483647;
			files = (
				7312ED981D5EB99D006F6B56 /* YiMaiPatientTests.swift in Sources */,
			);
			runOnlyForDeploymentPostprocessing = 0;
		};
		7312ED9A1D5EB99D006F6B56 /* Sources */ = {
			isa = PBXSourcesBuildPhase;
			buildActionMask = 2147483647;
			files = (
				7312EDA31D5EB99D006F6B56 /* YiMaiPatientUITests.swift in Sources */,
			);
			runOnlyForDeploymentPostprocessing = 0;
		};
/* End PBXSourcesBuildPhase section */

/* Begin PBXTargetDependency section */
		7312ED951D5EB99D006F6B56 /* PBXTargetDependency */ = {
			isa = PBXTargetDependency;
			target = 7312ED7B1D5EB99D006F6B56 /* YiMaiPatient */;
			targetProxy = 7312ED941D5EB99D006F6B56 /* PBXContainerItemProxy */;
		};
		7312EDA01D5EB99D006F6B56 /* PBXTargetDependency */ = {
			isa = PBXTargetDependency;
			target = 7312ED7B1D5EB99D006F6B56 /* YiMaiPatient */;
			targetProxy = 7312ED9F1D5EB99D006F6B56 /* PBXContainerItemProxy */;
		};
/* End PBXTargetDependency section */

/* Begin PBXVariantGroup section */
		7307BFD51D5EEF7B000F31E5 /* PageRegister.storyboard */ = {
			isa = PBXVariantGroup;
			children = (
				7307BFD41D5EEF7B000F31E5 /* Base */,
			);
			name = PageRegister.storyboard;
			sourceTree = "<group>";
		};
		7307BFE41D5F02F2000F31E5 /* PageRegisterInputInfo.storyboard */ = {
			isa = PBXVariantGroup;
			children = (
				7307BFE31D5F02F2000F31E5 /* Base */,
			);
			name = PageRegisterInputInfo.storyboard;
			sourceTree = "<group>";
		};
		7312ED831D5EB99D006F6B56 /* Main.storyboard */ = {
			isa = PBXVariantGroup;
			children = (
				7312ED841D5EB99D006F6B56 /* Base */,
			);
			name = Main.storyboard;
			sourceTree = "<group>";
		};
		7312ED8B1D5EB99D006F6B56 /* LaunchScreen.storyboard */ = {
			isa = PBXVariantGroup;
			children = (
				7312ED8C1D5EB99D006F6B56 /* Base */,
			);
			name = LaunchScreen.storyboard;
			sourceTree = "<group>";
		};
		738F49521D5ECC8200E577F4 /* PageLogin.storyboard */ = {
			isa = PBXVariantGroup;
			children = (
				738F49511D5ECC8200E577F4 /* Base */,
			);
			name = PageLogin.storyboard;
			sourceTree = "<group>";
		};
		738F49611D5ED04300E577F4 /* PageAppLoading.storyboard */ = {
			isa = PBXVariantGroup;
			children = (
				738F49601D5ED04300E577F4 /* Base */,
			);
			name = PageAppLoading.storyboard;
			sourceTree = "<group>";
		};
		73A678831D60AF950005E90C /* PageSelectCity.storyboard */ = {
			isa = PBXVariantGroup;
			children = (
				73A678821D60AF950005E90C /* Base */,
			);
			name = PageSelectCity.storyboard;
			sourceTree = "<group>";
		};
		73A678921D60C3720005E90C /* PageIndex.storyboard */ = {
			isa = PBXVariantGroup;
			children = (
				73A678911D60C3720005E90C /* Base */,
			);
			name = PageIndex.storyboard;
			sourceTree = "<group>";
		};
		FDB5B0BB1D82620C00FD07C4 /* PageGetMyDoctors.storyboard */ = {
			isa = PBXVariantGroup;
			children = (
				FDB5B0BA1D82620C00FD07C4 /* Base */,
			);
			name = PageGetMyDoctors.storyboard;
			sourceTree = "<group>";
		};
/* End PBXVariantGroup section */

/* Begin XCBuildConfiguration section */
		7312EDA51D5EB99D006F6B56 /* Debug */ = {
			isa = XCBuildConfiguration;
			buildSettings = {
				ALWAYS_SEARCH_USER_PATHS = NO;
				CLANG_ANALYZER_NONNULL = YES;
				CLANG_CXX_LANGUAGE_STANDARD = "gnu++0x";
				CLANG_CXX_LIBRARY = "libc++";
				CLANG_ENABLE_MODULES = YES;
				CLANG_ENABLE_OBJC_ARC = YES;
				CLANG_WARN_BOOL_CONVERSION = YES;
				CLANG_WARN_CONSTANT_CONVERSION = YES;
				CLANG_WARN_DIRECT_OBJC_ISA_USAGE = YES_ERROR;
				CLANG_WARN_EMPTY_BODY = YES;
				CLANG_WARN_ENUM_CONVERSION = YES;
				CLANG_WARN_INT_CONVERSION = YES;
				CLANG_WARN_OBJC_ROOT_CLASS = YES_ERROR;
				CLANG_WARN_UNREACHABLE_CODE = YES;
				CLANG_WARN__DUPLICATE_METHOD_MATCH = YES;
				"CODE_SIGN_IDENTITY[sdk=iphoneos*]" = "iPhone Developer";
				COPY_PHASE_STRIP = NO;
				DEBUG_INFORMATION_FORMAT = dwarf;
				ENABLE_STRICT_OBJC_MSGSEND = YES;
				ENABLE_TESTABILITY = YES;
				GCC_C_LANGUAGE_STANDARD = gnu99;
				GCC_DYNAMIC_NO_PIC = NO;
				GCC_NO_COMMON_BLOCKS = YES;
				GCC_OPTIMIZATION_LEVEL = 0;
				GCC_PREPROCESSOR_DEFINITIONS = (
					"DEBUG=1",
					"$(inherited)",
				);
				GCC_WARN_64_TO_32_BIT_CONVERSION = YES;
				GCC_WARN_ABOUT_RETURN_TYPE = YES_ERROR;
				GCC_WARN_UNDECLARED_SELECTOR = YES;
				GCC_WARN_UNINITIALIZED_AUTOS = YES_AGGRESSIVE;
				GCC_WARN_UNUSED_FUNCTION = YES;
				GCC_WARN_UNUSED_VARIABLE = YES;
				IPHONEOS_DEPLOYMENT_TARGET = 9.3;
				MTL_ENABLE_DEBUG_INFO = YES;
				ONLY_ACTIVE_ARCH = YES;
				SDKROOT = iphoneos;
				SWIFT_OPTIMIZATION_LEVEL = "-Onone";
				TARGETED_DEVICE_FAMILY = "1,2";
			};
			name = Debug;
		};
		7312EDA61D5EB99D006F6B56 /* Release */ = {
			isa = XCBuildConfiguration;
			buildSettings = {
				ALWAYS_SEARCH_USER_PATHS = NO;
				CLANG_ANALYZER_NONNULL = YES;
				CLANG_CXX_LANGUAGE_STANDARD = "gnu++0x";
				CLANG_CXX_LIBRARY = "libc++";
				CLANG_ENABLE_MODULES = YES;
				CLANG_ENABLE_OBJC_ARC = YES;
				CLANG_WARN_BOOL_CONVERSION = YES;
				CLANG_WARN_CONSTANT_CONVERSION = YES;
				CLANG_WARN_DIRECT_OBJC_ISA_USAGE = YES_ERROR;
				CLANG_WARN_EMPTY_BODY = YES;
				CLANG_WARN_ENUM_CONVERSION = YES;
				CLANG_WARN_INT_CONVERSION = YES;
				CLANG_WARN_OBJC_ROOT_CLASS = YES_ERROR;
				CLANG_WARN_UNREACHABLE_CODE = YES;
				CLANG_WARN__DUPLICATE_METHOD_MATCH = YES;
				"CODE_SIGN_IDENTITY[sdk=iphoneos*]" = "iPhone Developer";
				COPY_PHASE_STRIP = NO;
				DEBUG_INFORMATION_FORMAT = "dwarf-with-dsym";
				ENABLE_NS_ASSERTIONS = NO;
				ENABLE_STRICT_OBJC_MSGSEND = YES;
				GCC_C_LANGUAGE_STANDARD = gnu99;
				GCC_NO_COMMON_BLOCKS = YES;
				GCC_WARN_64_TO_32_BIT_CONVERSION = YES;
				GCC_WARN_ABOUT_RETURN_TYPE = YES_ERROR;
				GCC_WARN_UNDECLARED_SELECTOR = YES;
				GCC_WARN_UNINITIALIZED_AUTOS = YES_AGGRESSIVE;
				GCC_WARN_UNUSED_FUNCTION = YES;
				GCC_WARN_UNUSED_VARIABLE = YES;
				IPHONEOS_DEPLOYMENT_TARGET = 9.3;
				MTL_ENABLE_DEBUG_INFO = NO;
				SDKROOT = iphoneos;
				TARGETED_DEVICE_FAMILY = "1,2";
				VALIDATE_PRODUCT = YES;
			};
			name = Release;
		};
		7312EDA81D5EB99D006F6B56 /* Debug */ = {
			isa = XCBuildConfiguration;
			baseConfigurationReference = 1C81E0AA32E7C1994A8E645F /* Pods-YiMaiPatient.debug.xcconfig */;
			buildSettings = {
				ASSETCATALOG_COMPILER_APPICON_NAME = AppIcon;
				CODE_SIGN_IDENTITY = "iPhone Distribution: Wisdom Hospital & Healthcare Management Co.Ltd.";
				"CODE_SIGN_IDENTITY[sdk=iphoneos*]" = "iPhone Distribution: Wisdom Hospital & Healthcare Management Co.Ltd.";
				INFOPLIST_FILE = YiMaiPatient/Info.plist;
				IPHONEOS_DEPLOYMENT_TARGET = 9.0;
				LD_RUNPATH_SEARCH_PATHS = "$(inherited) @executable_path/Frameworks";
				PRODUCT_BUNDLE_IDENTIFIER = com.yimai.cc;
				PRODUCT_NAME = "$(TARGET_NAME)";
				PROVISIONING_PROFILE = "";
				TARGETED_DEVICE_FAMILY = 1;
			};
			name = Debug;
		};
		7312EDA91D5EB99D006F6B56 /* Release */ = {
			isa = XCBuildConfiguration;
			baseConfigurationReference = 2C248139E12DFB7B423DC1FB /* Pods-YiMaiPatient.release.xcconfig */;
			buildSettings = {
				ASSETCATALOG_COMPILER_APPICON_NAME = AppIcon;
				CODE_SIGN_IDENTITY = "iPhone Distribution: Wisdom Hospital & Healthcare Management Co.Ltd.";
				"CODE_SIGN_IDENTITY[sdk=iphoneos*]" = "iPhone Distribution: Wisdom Hospital & Healthcare Management Co.Ltd.";
				INFOPLIST_FILE = YiMaiPatient/Info.plist;
				IPHONEOS_DEPLOYMENT_TARGET = 9.0;
				LD_RUNPATH_SEARCH_PATHS = "$(inherited) @executable_path/Frameworks";
				PRODUCT_BUNDLE_IDENTIFIER = com.yimai.cc;
				PRODUCT_NAME = "$(TARGET_NAME)";
				PROVISIONING_PROFILE = "";
				TARGETED_DEVICE_FAMILY = 1;
			};
			name = Release;
		};
		7312EDAB1D5EB99D006F6B56 /* Debug */ = {
			isa = XCBuildConfiguration;
			buildSettings = {
				BUNDLE_LOADER = "$(TEST_HOST)";
				INFOPLIST_FILE = YiMaiPatientTests/Info.plist;
				LD_RUNPATH_SEARCH_PATHS = "$(inherited) @executable_path/Frameworks @loader_path/Frameworks";
				PRODUCT_BUNDLE_IDENTIFIER = com.yimai.patient.YiMaiPatientTests;
				PRODUCT_NAME = "$(TARGET_NAME)";
				TEST_HOST = "$(BUILT_PRODUCTS_DIR)/YiMaiPatient.app/YiMaiPatient";
			};
			name = Debug;
		};
		7312EDAC1D5EB99D006F6B56 /* Release */ = {
			isa = XCBuildConfiguration;
			buildSettings = {
				BUNDLE_LOADER = "$(TEST_HOST)";
				INFOPLIST_FILE = YiMaiPatientTests/Info.plist;
				LD_RUNPATH_SEARCH_PATHS = "$(inherited) @executable_path/Frameworks @loader_path/Frameworks";
				PRODUCT_BUNDLE_IDENTIFIER = com.yimai.patient.YiMaiPatientTests;
				PRODUCT_NAME = "$(TARGET_NAME)";
				TEST_HOST = "$(BUILT_PRODUCTS_DIR)/YiMaiPatient.app/YiMaiPatient";
			};
			name = Release;
		};
		7312EDAE1D5EB99D006F6B56 /* Debug */ = {
			isa = XCBuildConfiguration;
			buildSettings = {
				INFOPLIST_FILE = YiMaiPatientUITests/Info.plist;
				LD_RUNPATH_SEARCH_PATHS = "$(inherited) @executable_path/Frameworks @loader_path/Frameworks";
				PRODUCT_BUNDLE_IDENTIFIER = com.yimai.patient.YiMaiPatientUITests;
				PRODUCT_NAME = "$(TARGET_NAME)";
				TEST_TARGET_NAME = YiMaiPatient;
			};
			name = Debug;
		};
		7312EDAF1D5EB99D006F6B56 /* Release */ = {
			isa = XCBuildConfiguration;
			buildSettings = {
				INFOPLIST_FILE = YiMaiPatientUITests/Info.plist;
				LD_RUNPATH_SEARCH_PATHS = "$(inherited) @executable_path/Frameworks @loader_path/Frameworks";
				PRODUCT_BUNDLE_IDENTIFIER = com.yimai.patient.YiMaiPatientUITests;
				PRODUCT_NAME = "$(TARGET_NAME)";
				TEST_TARGET_NAME = YiMaiPatient;
			};
			name = Release;
		};
/* End XCBuildConfiguration section */

/* Begin XCConfigurationList section */
		7312ED771D5EB99C006F6B56 /* Build configuration list for PBXProject "YiMaiPatient" */ = {
			isa = XCConfigurationList;
			buildConfigurations = (
				7312EDA51D5EB99D006F6B56 /* Debug */,
				7312EDA61D5EB99D006F6B56 /* Release */,
			);
			defaultConfigurationIsVisible = 0;
			defaultConfigurationName = Release;
		};
		7312EDA71D5EB99D006F6B56 /* Build configuration list for PBXNativeTarget "YiMaiPatient" */ = {
			isa = XCConfigurationList;
			buildConfigurations = (
				7312EDA81D5EB99D006F6B56 /* Debug */,
				7312EDA91D5EB99D006F6B56 /* Release */,
			);
			defaultConfigurationIsVisible = 0;
			defaultConfigurationName = Release;
		};
		7312EDAA1D5EB99D006F6B56 /* Build configuration list for PBXNativeTarget "YiMaiPatientTests" */ = {
			isa = XCConfigurationList;
			buildConfigurations = (
				7312EDAB1D5EB99D006F6B56 /* Debug */,
				7312EDAC1D5EB99D006F6B56 /* Release */,
			);
			defaultConfigurationIsVisible = 0;
			defaultConfigurationName = Release;
		};
		7312EDAD1D5EB99D006F6B56 /* Build configuration list for PBXNativeTarget "YiMaiPatientUITests" */ = {
			isa = XCConfigurationList;
			buildConfigurations = (
				7312EDAE1D5EB99D006F6B56 /* Debug */,
				7312EDAF1D5EB99D006F6B56 /* Release */,
			);
			defaultConfigurationIsVisible = 0;
			defaultConfigurationName = Release;
		};
/* End XCConfigurationList section */

/* Begin XCVersionGroup section */
		7312ED861D5EB99D006F6B56 /* YiMaiPatient.xcdatamodeld */ = {
			isa = XCVersionGroup;
			children = (
				7312ED871D5EB99D006F6B56 /* YiMaiPatient.xcdatamodel */,
			);
			currentVersion = 7312ED871D5EB99D006F6B56 /* YiMaiPatient.xcdatamodel */;
			path = YiMaiPatient.xcdatamodeld;
			sourceTree = "<group>";
			versionGroupType = wrapper.xcdatamodel;
		};
/* End XCVersionGroup section */
	};
	rootObject = 7312ED741D5EB99C006F6B56 /* Project object */;
}
